// !$*UTF8*$!
{
	archiveVersion = 1;
	classes = {
	};
	objectVersion = 56;
	objects = {

/* Begin PBXBuildFile section */
		1594D8132B8CE0BD00180816 /* AppDelegate.swift in Sources */ = {isa = PBXBuildFile; fileRef = 1594D8122B8CE0BD00180816 /* AppDelegate.swift */; };
		1594D8152B8CE0BD00180816 /* SceneDelegate.swift in Sources */ = {isa = PBXBuildFile; fileRef = 1594D8142B8CE0BD00180816 /* SceneDelegate.swift */; };
		1594D8172B8CE0BD00180816 /* ViewController.swift in Sources */ = {isa = PBXBuildFile; fileRef = 1594D8162B8CE0BD00180816 /* ViewController.swift */; };
		1594D81A2B8CE0BD00180816 /* Main.storyboard in Resources */ = {isa = PBXBuildFile; fileRef = 1594D8182B8CE0BD00180816 /* Main.storyboard */; };
		1594D81C2B8CE0C000180816 /* Assets.xcassets in Resources */ = {isa = PBXBuildFile; fileRef = 1594D81B2B8CE0C000180816 /* Assets.xcassets */; };
		1594D81F2B8CE0C000180816 /* LaunchScreen.storyboard in Resources */ = {isa = PBXBuildFile; fileRef = 1594D81D2B8CE0C000180816 /* LaunchScreen.storyboard */; };
		1594D82A2B8CE0C000180816 /* FacerRecognizationAppProjectTests.swift in Sources */ = {isa = PBXBuildFile; fileRef = 1594D8292B8CE0C000180816 /* FacerRecognizationAppProjectTests.swift */; };
		1594D8342B8CE0C000180816 /* FacerRecognizationAppProjectUITests.swift in Sources */ = {isa = PBXBuildFile; fileRef = 1594D8332B8CE0C000180816 /* FacerRecognizationAppProjectUITests.swift */; };
		1594D8362B8CE0C000180816 /* FacerRecognizationAppProjectUITestsLaunchTests.swift in Sources */ = {isa = PBXBuildFile; fileRef = 1594D8352B8CE0C000180816 /* FacerRecognizationAppProjectUITestsLaunchTests.swift */; };
/* End PBXBuildFile section */

/* Begin PBXContainerItemProxy section */
		1594D8262B8CE0C000180816 /* PBXContainerItemProxy */ = {
			isa = PBXContainerItemProxy;
			containerPortal = 1594D8072B8CE0BD00180816 /* Project object */;
			proxyType = 1;
			remoteGlobalIDString = 1594D80E2B8CE0BD00180816;
			remoteInfo = FacerRecognizationAppProject;
		};
		1594D8302B8CE0C000180816 /* PBXContainerItemProxy */ = {
			isa = PBXContainerItemProxy;
			containerPortal = 1594D8072B8CE0BD00180816 /* Project object */;
			proxyType = 1;
			remoteGlobalIDString = 1594D80E2B8CE0BD00180816;
			remoteInfo = FacerRecognizationAppProject;
		};
/* End PBXContainerItemProxy section */

/* Begin PBXFileReference section */
		1594D80F2B8CE0BD00180816 /* FacerRecognizationAppProject.app */ = {isa = PBXFileReference; explicitFileType = wrapper.application; includeInIndex = 0; path = FacerRecognizationAppProject.app; sourceTree = BUILT_PRODUCTS_DIR; };
		1594D8122B8CE0BD00180816 /* AppDelegate.swift */ = {isa = PBXFileReference; lastKnownFileType = sourcecode.swift; path = AppDelegate.swift; sourceTree = "<group>"; };
		1594D8142B8CE0BD00180816 /* SceneDelegate.swift */ = {isa = PBXFileReference; lastKnownFileType = sourcecode.swift; path = SceneDelegate.swift; sourceTree = "<group>"; };
		1594D8162B8CE0BD00180816 /* ViewController.swift */ = {isa = PBXFileReference; lastKnownFileType = sourcecode.swift; path = ViewController.swift; sourceTree = "<group>"; };
		1594D8192B8CE0BD00180816 /* Base */ = {isa = PBXFileReference; lastKnownFileType = file.storyboard; name = Base; path = Base.lproj/Main.storyboard; sourceTree = "<group>"; };
		1594D81B2B8CE0C000180816 /* Assets.xcassets */ = {isa = PBXFileReference; lastKnownFileType = folder.assetcatalog; path = Assets.xcassets; sourceTree = "<group>"; };
		1594D81E2B8CE0C000180816 /* Base */ = {isa = PBXFileReference; lastKnownFileType = file.storyboard; name = Base; path = Base.lproj/LaunchScreen.storyboard; sourceTree = "<group>"; };
		1594D8202B8CE0C000180816 /* Info.plist */ = {isa = PBXFileReference; lastKnownFileType = text.plist.xml; path = Info.plist; sourceTree = "<group>"; };
		1594D8252B8CE0C000180816 /* FacerRecognizationAppProjectTests.xctest */ = {isa = PBXFileReference; explicitFileType = wrapper.cfbundle; includeInIndex = 0; path = FacerRecognizationAppProjectTests.xctest; sourceTree = BUILT_PRODUCTS_DIR; };
		1594D8292B8CE0C000180816 /* FacerRecognizationAppProjectTests.swift */ = {isa = PBXFileReference; lastKnownFileType = sourcecode.swift; path = FacerRecognizationAppProjectTests.swift; sourceTree = "<group>"; };
		1594D82F2B8CE0C000180816 /* FacerRecognizationAppProjectUITests.xctest */ = {isa = PBXFileReference; explicitFileType = wrapper.cfbundle; includeInIndex = 0; path = FacerRecognizationAppProjectUITests.xctest; sourceTree = BUILT_PRODUCTS_DIR; };
		1594D8332B8CE0C000180816 /* FacerRecognizationAppProjectUITests.swift */ = {isa = PBXFileReference; lastKnownFileType = sourcecode.swift; path = FacerRecognizationAppProjectUITests.swift; sourceTree = "<group>"; };
		1594D8352B8CE0C000180816 /* FacerRecognizationAppProjectUITestsLaunchTests.swift */ = {isa = PBXFileReference; lastKnownFileType = sourcecode.swift; path = FacerRecognizationAppProjectUITestsLaunchTests.swift; sourceTree = "<group>"; };
/* End PBXFileReference section */

/* Begin PBXFrameworksBuildPhase section */
		1594D80C2B8CE0BD00180816 /* Frameworks */ = {
			isa = PBXFrameworksBuildPhase;
			buildActionMask = 2147483647;
			files = (
			);
			runOnlyForDeploymentPostprocessing = 0;
		};
		1594D8222B8CE0C000180816 /* Frameworks */ = {
			isa = PBXFrameworksBuildPhase;
			buildActionMask = 2147483647;
			files = (
			);
			runOnlyForDeploymentPostprocessing = 0;
		};
		1594D82C2B8CE0C000180816 /* Frameworks */ = {
			isa = PBXFrameworksBuildPhase;
			buildActionMask = 2147483647;
			files = (
			);
			runOnlyForDeploymentPostprocessing = 0;
		};
/* End PBXFrameworksBuildPhase section */

/* Begin PBXGroup section */
		1594D8062B8CE0BD00180816 = {
			isa = PBXGroup;
			children = (
				1594D8112B8CE0BD00180816 /* FacerRecognizationAppProject */,
				1594D8282B8CE0C000180816 /* FacerRecognizationAppProjectTests */,
				1594D8322B8CE0C000180816 /* FacerRecognizationAppProjectUITests */,
				1594D8102B8CE0BD00180816 /* Products */,
			);
			sourceTree = "<group>";
		};
		1594D8102B8CE0BD00180816 /* Products */ = {
			isa = PBXGroup;
			children = (
				1594D80F2B8CE0BD00180816 /* FacerRecognizationAppProject.app */,
				1594D8252B8CE0C000180816 /* FacerRecognizationAppProjectTests.xctest */,
				1594D82F2B8CE0C000180816 /* FacerRecognizationAppProjectUITests.xctest */,
			);
			name = Products;
			sourceTree = "<group>";
		};
		1594D8112B8CE0BD00180816 /* FacerRecognizationAppProject */ = {
			isa = PBXGroup;
			children = (
				1594D8122B8CE0BD00180816 /* AppDelegate.swift */,
				1594D8142B8CE0BD00180816 /* SceneDelegate.swift */,
				1594D8162B8CE0BD00180816 /* ViewController.swift */,
				1594D8182B8CE0BD00180816 /* Main.storyboard */,
				1594D81B2B8CE0C000180816 /* Assets.xcassets */,
				1594D81D2B8CE0C000180816 /* LaunchScreen.storyboard */,
				1594D8202B8CE0C000180816 /* Info.plist */,
			);
			path = FacerRecognizationAppProject;
			sourceTree = "<group>";
		};
		1594D8282B8CE0C000180816 /* FacerRecognizationAppProjectTests */ = {
			isa = PBXGroup;
			children = (
				1594D8292B8CE0C000180816 /* FacerRecognizationAppProjectTests.swift */,
			);
			path = FacerRecognizationAppProjectTests;
			sourceTree = "<group>";
		};
		1594D8322B8CE0C000180816 /* FacerRecognizationAppProjectUITests */ = {
			isa = PBXGroup;
			children = (
				1594D8332B8CE0C000180816 /* FacerRecognizationAppProjectUITests.swift */,
				1594D8352B8CE0C000180816 /* FacerRecognizationAppProjectUITestsLaunchTests.swift */,
			);
			path = FacerRecognizationAppProjectUITests;
			sourceTree = "<group>";
		};
/* End PBXGroup section */

/* Begin PBXNativeTarget section */
		1594D80E2B8CE0BD00180816 /* FacerRecognizationAppProject */ = {
			isa = PBXNativeTarget;
			buildConfigurationList = 1594D8392B8CE0C000180816 /* Build configuration list for PBXNativeTarget "FacerRecognizationAppProject" */;
			buildPhases = (
				1594D80B2B8CE0BD00180816 /* Sources */,
				1594D80C2B8CE0BD00180816 /* Frameworks */,
				1594D80D2B8CE0BD00180816 /* Resources */,
			);
			buildRules = (
			);
			dependencies = (
			);
			name = FacerRecognizationAppProject;
			productName = FacerRecognizationAppProject;
			productReference = 1594D80F2B8CE0BD00180816 /* FacerRecognizationAppProject.app */;
			productType = "com.apple.product-type.application";
		};
		1594D8242B8CE0C000180816 /* FacerRecognizationAppProjectTests */ = {
			isa = PBXNativeTarget;
			buildConfigurationList = 1594D83C2B8CE0C000180816 /* Build configuration list for PBXNativeTarget "FacerRecognizationAppProjectTests" */;
			buildPhases = (
				1594D8212B8CE0C000180816 /* Sources */,
				1594D8222B8CE0C000180816 /* Frameworks */,
				1594D8232B8CE0C000180816 /* Resources */,
			);
			buildRules = (
			);
			dependencies = (
				1594D8272B8CE0C000180816 /* PBXTargetDependency */,
			);
			name = FacerRecognizationAppProjectTests;
			productName = FacerRecognizationAppProjectTests;
			productReference = 1594D8252B8CE0C000180816 /* FacerRecognizationAppProjectTests.xctest */;
			productType = "com.apple.product-type.bundle.unit-test";
		};
		1594D82E2B8CE0C000180816 /* FacerRecognizationAppProjectUITests */ = {
			isa = PBXNativeTarget;
			buildConfigurationList = 1594D83F2B8CE0C000180816 /* Build configuration list for PBXNativeTarget "FacerRecognizationAppProjectUITests" */;
			buildPhases = (
				1594D82B2B8CE0C000180816 /* Sources */,
				1594D82C2B8CE0C000180816 /* Frameworks */,
				1594D82D2B8CE0C000180816 /* Resources */,
			);
			buildRules = (
			);
			dependencies = (
				1594D8312B8CE0C000180816 /* PBXTargetDependency */,
			);
			name = FacerRecognizationAppProjectUITests;
			productName = FacerRecognizationAppProjectUITests;
			productReference = 1594D82F2B8CE0C000180816 /* FacerRecognizationAppProjectUITests.xctest */;
			productType = "com.apple.product-type.bundle.ui-testing";
		};
/* End PBXNativeTarget section */

/* Begin PBXProject section */
		1594D8072B8CE0BD00180816 /* Project object */ = {
			isa = PBXProject;
			attributes = {
				BuildIndependentTargetsInParallel = 1;
				LastSwiftUpdateCheck = 1520;
				LastUpgradeCheck = 1520;
				TargetAttributes = {
					1594D80E2B8CE0BD00180816 = {
						CreatedOnToolsVersion = 15.2;
					};
					1594D8242B8CE0C000180816 = {
						CreatedOnToolsVersion = 15.2;
						TestTargetID = 1594D80E2B8CE0BD00180816;
					};
					1594D82E2B8CE0C000180816 = {
						CreatedOnToolsVersion = 15.2;
						TestTargetID = 1594D80E2B8CE0BD00180816;
					};
				};
			};
			buildConfigurationList = 1594D80A2B8CE0BD00180816 /* Build configuration list for PBXProject "FacerRecognizationAppProject" */;
			compatibilityVersion = "Xcode 14.0";
			developmentRegion = en;
			hasScannedForEncodings = 0;
			knownRegions = (
				en,
				Base,
			);
			mainGroup = 1594D8062B8CE0BD00180816;
			productRefGroup = 1594D8102B8CE0BD00180816 /* Products */;
			projectDirPath = "";
			projectRoot = "";
			targets = (
				1594D80E2B8CE0BD00180816 /* FacerRecognizationAppProject */,
				1594D8242B8CE0C000180816 /* FacerRecognizationAppProjectTests */,
				1594D82E2B8CE0C000180816 /* FacerRecognizationAppProjectUITests */,
			);
		};
/* End PBXProject section */

/* Begin PBXResourcesBuildPhase section */
		1594D80D2B8CE0BD00180816 /* Resources */ = {
			isa = PBXResourcesBuildPhase;
			buildActionMask = 2147483647;
			files = (
				1594D81F2B8CE0C000180816 /* LaunchScreen.storyboard in Resources */,
				1594D81C2B8CE0C000180816 /* Assets.xcassets in Resources */,
				1594D81A2B8CE0BD00180816 /* Main.storyboard in Resources */,
			);
			runOnlyForDeploymentPostprocessing = 0;
		};
		1594D8232B8CE0C000180816 /* Resources */ = {
			isa = PBXResourcesBuildPhase;
			buildActionMask = 2147483647;
			files = (
			);
			runOnlyForDeploymentPostprocessing = 0;
		};
		1594D82D2B8CE0C000180816 /* Resources */ = {
			isa = PBXResourcesBuildPhase;
			buildActionMask = 2147483647;
			files = (
			);
			runOnlyForDeploymentPostprocessing = 0;
		};
/* End PBXResourcesBuildPhase section */

/* Begin PBXSourcesBuildPhase section */
		1594D80B2B8CE0BD00180816 /* Sources */ = {
			isa = PBXSourcesBuildPhase;
			buildActionMask = 2147483647;
			files = (
				1594D8172B8CE0BD00180816 /* ViewController.swift in Sources */,
				1594D8132B8CE0BD00180816 /* AppDelegate.swift in Sources */,
				1594D8152B8CE0BD00180816 /* SceneDelegate.swift in Sources */,
			);
			runOnlyForDeploymentPostprocessing = 0;
		};
		1594D8212B8CE0C000180816 /* Sources */ = {
			isa = PBXSourcesBuildPhase;
			buildActionMask = 2147483647;
			files = (
				1594D82A2B8CE0C000180816 /* FacerRecognizationAppProjectTests.swift in Sources */,
			);
			runOnlyForDeploymentPostprocessing = 0;
		};
		1594D82B2B8CE0C000180816 /* Sources */ = {
			isa = PBXSourcesBuildPhase;
			buildActionMask = 2147483647;
			files = (
				1594D8342B8CE0C000180816 /* FacerRecognizationAppProjectUITests.swift in Sources */,
				1594D8362B8CE0C000180816 /* FacerRecognizationAppProjectUITestsLaunchTests.swift in Sources */,
			);
			runOnlyForDeploymentPostprocessing = 0;
		};
/* End PBXSourcesBuildPhase section */

/* Begin PBXTargetDependency section */
		1594D8272B8CE0C000180816 /* PBXTargetDependency */ = {
			isa = PBXTargetDependency;
			target = 1594D80E2B8CE0BD00180816 /* FacerRecognizationAppProject */;
			targetProxy = 1594D8262B8CE0C000180816 /* PBXContainerItemProxy */;
		};
		1594D8312B8CE0C000180816 /* PBXTargetDependency */ = {
			isa = PBXTargetDependency;
			target = 1594D80E2B8CE0BD00180816 /* FacerRecognizationAppProject */;
			targetProxy = 1594D8302B8CE0C000180816 /* PBXContainerItemProxy */;
		};
/* End PBXTargetDependency section */

/* Begin PBXVariantGroup section */
		1594D8182B8CE0BD00180816 /* Main.storyboard */ = {
			isa = PBXVariantGroup;
			children = (
				1594D8192B8CE0BD00180816 /* Base */,
			);
			name = Main.storyboard;
			sourceTree = "<group>";
		};
		1594D81D2B8CE0C000180816 /* LaunchScreen.storyboard */ = {
			isa = PBXVariantGroup;
			children = (
				1594D81E2B8CE0C000180816 /* Base */,
			);
			name = LaunchScreen.storyboard;
			sourceTree = "<group>";
		};
/* End PBXVariantGroup section */

/* Begin XCBuildConfiguration section */
		1594D8372B8CE0C000180816 /* Debug */ = {
			isa = XCBuildConfiguration;
			buildSettings = {
				ALWAYS_SEARCH_USER_PATHS = NO;
				ASSETCATALOG_COMPILER_GENERATE_SWIFT_ASSET_SYMBOL_EXTENSIONS = YES;
				CLANG_ANALYZER_NONNULL = YES;
				CLANG_ANALYZER_NUMBER_OBJECT_CONVERSION = YES_AGGRESSIVE;
				CLANG_CXX_LANGUAGE_STANDARD = "gnu++20";
				CLANG_ENABLE_MODULES = YES;
				CLANG_ENABLE_OBJC_ARC = YES;
				CLANG_ENABLE_OBJC_WEAK = YES;
				CLANG_WARN_BLOCK_CAPTURE_AUTORELEASING = YES;
				CLANG_WARN_BOOL_CONVERSION = YES;
				CLANG_WARN_COMMA = YES;
				CLANG_WARN_CONSTANT_CONVERSION = YES;
				CLANG_WARN_DEPRECATED_OBJC_IMPLEMENTATIONS = YES;
				CLANG_WARN_DIRECT_OBJC_ISA_USAGE = YES_ERROR;
				CLANG_WARN_DOCUMENTATION_COMMENTS = YES;
				CLANG_WARN_EMPTY_BODY = YES;
				CLANG_WARN_ENUM_CONVERSION = YES;
				CLANG_WARN_INFINITE_RECURSION = YES;
				CLANG_WARN_INT_CONVERSION = YES;
				CLANG_WARN_NON_LITERAL_NULL_CONVERSION = YES;
				CLANG_WARN_OBJC_IMPLICIT_RETAIN_SELF = YES;
				CLANG_WARN_OBJC_LITERAL_CONVERSION = YES;
				CLANG_WARN_OBJC_ROOT_CLASS = YES_ERROR;
				CLANG_WARN_QUOTED_INCLUDE_IN_FRAMEWORK_HEADER = YES;
				CLANG_WARN_RANGE_LOOP_ANALYSIS = YES;
				CLANG_WARN_STRICT_PROTOTYPES = YES;
				CLANG_WARN_SUSPICIOUS_MOVE = YES;
				CLANG_WARN_UNGUARDED_AVAILABILITY = YES_AGGRESSIVE;
				CLANG_WARN_UNREACHABLE_CODE = YES;
				CLANG_WARN__DUPLICATE_METHOD_MATCH = YES;
				COPY_PHASE_STRIP = NO;
				DEBUG_INFORMATION_FORMAT = dwarf;
				ENABLE_STRICT_OBJC_MSGSEND = YES;
				ENABLE_TESTABILITY = YES;
				ENABLE_USER_SCRIPT_SANDBOXING = YES;
				GCC_C_LANGUAGE_STANDARD = gnu17;
				GCC_DYNAMIC_NO_PIC = NO;
				GCC_NO_COMMON_BLOCKS = YES;
				GCC_OPTIMIZATION_LEVEL = 0;
				GCC_PREPROCESSOR_DEFINITIONS = (
					"DEBUG=1",
					"$(inherited)",
				);
				GCC_WARN_64_TO_32_BIT_CONVERSION = YES;
				GCC_WARN_ABOUT_RETURN_TYPE = YES_ERROR;
				GCC_WARN_UNDECLARED_SELECTOR = YES;
				GCC_WARN_UNINITIALIZED_AUTOS = YES_AGGRESSIVE;
				GCC_WARN_UNUSED_FUNCTION = YES;
				GCC_WARN_UNUSED_VARIABLE = YES;
				IPHONEOS_DEPLOYMENT_TARGET = 17.2;
				LOCALIZATION_PREFERS_STRING_CATALOGS = YES;
				MTL_ENABLE_DEBUG_INFO = INCLUDE_SOURCE;
				MTL_FAST_MATH = YES;
				ONLY_ACTIVE_ARCH = YES;
				SDKROOT = iphoneos;
				SWIFT_ACTIVE_COMPILATION_CONDITIONS = "DEBUG $(inherited)";
				SWIFT_OPTIMIZATION_LEVEL = "-Onone";
			};
			name = Debug;
		};
		1594D8382B8CE0C000180816 /* Release */ = {
			isa = XCBuildConfiguration;
			buildSettings = {
				ALWAYS_SEARCH_USER_PATHS = NO;
				ASSETCATALOG_COMPILER_GENERATE_SWIFT_ASSET_SYMBOL_EXTENSIONS = YES;
				CLANG_ANALYZER_NONNULL = YES;
				CLANG_ANALYZER_NUMBER_OBJECT_CONVERSION = YES_AGGRESSIVE;
				CLANG_CXX_LANGUAGE_STANDARD = "gnu++20";
				CLANG_ENABLE_MODULES = YES;
				CLANG_ENABLE_OBJC_ARC = YES;
				CLANG_ENABLE_OBJC_WEAK = YES;
				CLANG_WARN_BLOCK_CAPTURE_AUTORELEASING = YES;
				CLANG_WARN_BOOL_CONVERSION = YES;
				CLANG_WARN_COMMA = YES;
				CLANG_WARN_CONSTANT_CONVERSION = YES;
				CLANG_WARN_DEPRECATED_OBJC_IMPLEMENTATIONS = YES;
				CLANG_WARN_DIRECT_OBJC_ISA_USAGE = YES_ERROR;
				CLANG_WARN_DOCUMENTATION_COMMENTS = YES;
				CLANG_WARN_EMPTY_BODY = YES;
				CLANG_WARN_ENUM_CONVERSION = YES;
				CLANG_WARN_INFINITE_RECURSION = YES;
				CLANG_WARN_INT_CONVERSION = YES;
				CLANG_WARN_NON_LITERAL_NULL_CONVERSION = YES;
				CLANG_WARN_OBJC_IMPLICIT_RETAIN_SELF = YES;
				CLANG_WARN_OBJC_LITERAL_CONVERSION = YES;
				CLANG_WARN_OBJC_ROOT_CLASS = YES_ERROR;
				CLANG_WARN_QUOTED_INCLUDE_IN_FRAMEWORK_HEADER = YES;
				CLANG_WARN_RANGE_LOOP_ANALYSIS = YES;
				CLANG_WARN_STRICT_PROTOTYPES = YES;
				CLANG_WARN_SUSPICIOUS_MOVE = YES;
				CLANG_WARN_UNGUARDED_AVAILABILITY = YES_AGGRESSIVE;
				CLANG_WARN_UNREACHABLE_CODE = YES;
				CLANG_WARN__DUPLICATE_METHOD_MATCH = YES;
				COPY_PHASE_STRIP = NO;
				DEBUG_INFORMATION_FORMAT = "dwarf-with-dsym";
				ENABLE_NS_ASSERTIONS = NO;
				ENABLE_STRICT_OBJC_MSGSEND = YES;
				ENABLE_USER_SCRIPT_SANDBOXING = YES;
				GCC_C_LANGUAGE_STANDARD = gnu17;
				GCC_NO_COMMON_BLOCKS = YES;
				GCC_WARN_64_TO_32_BIT_CONVERSION = YES;
				GCC_WARN_ABOUT_RETURN_TYPE = YES_ERROR;
				GCC_WARN_UNDECLARED_SELECTOR = YES;
				GCC_WARN_UNINITIALIZED_AUTOS = YES_AGGRESSIVE;
				GCC_WARN_UNUSED_FUNCTION = YES;
				GCC_WARN_UNUSED_VARIABLE = YES;
				IPHONEOS_DEPLOYMENT_TARGET = 17.2;
				LOCALIZATION_PREFERS_STRING_CATALOGS = YES;
				MTL_ENABLE_DEBUG_INFO = NO;
				MTL_FAST_MATH = YES;
				SDKROOT = iphoneos;
				SWIFT_COMPILATION_MODE = wholemodule;
				VALIDATE_PRODUCT = YES;
			};
			name = Release;
		};
		1594D83A2B8CE0C000180816 /* Debug */ = {
			isa = XCBuildConfiguration;
			buildSettings = {
				ASSETCATALOG_COMPILER_APPICON_NAME = AppIcon;
				ASSETCATALOG_COMPILER_GLOBAL_ACCENT_COLOR_NAME = AccentColor;
				CODE_SIGN_STYLE = Automatic;
				CURRENT_PROJECT_VERSION = 1;
				DEVELOPMENT_TEAM = K92J5MFH85;
				GENERATE_INFOPLIST_FILE = YES;
				INFOPLIST_FILE = FacerRecognizationAppProject/Info.plist;
				INFOPLIST_KEY_UIApplicationSupportsIndirectInputEvents = YES;
				INFOPLIST_KEY_UILaunchStoryboardName = LaunchScreen;
				INFOPLIST_KEY_UIMainStoryboardFile = Main;
				INFOPLIST_KEY_UISupportedInterfaceOrientations_iPad = "UIInterfaceOrientationPortrait UIInterfaceOrientationPortraitUpsideDown UIInterfaceOrientationLandscapeLeft UIInterfaceOrientationLandscapeRight";
				INFOPLIST_KEY_UISupportedInterfaceOrientations_iPhone = "UIInterfaceOrientationPortrait UIInterfaceOrientationLandscapeLeft UIInterfaceOrientationLandscapeRight";
				LD_RUNPATH_SEARCH_PATHS = (
					"$(inherited)",
					"@executable_path/Frameworks",
				);
				MARKETING_VERSION = 1.0;
				PRODUCT_BUNDLE_IDENTIFIER = com.omersezer.FacerRecognizationAppProject;
				PRODUCT_NAME = "$(TARGET_NAME)";
				SWIFT_EMIT_LOC_STRINGS = YES;
				SWIFT_VERSION = 5.0;
				TARGETED_DEVICE_FAMILY = "1,2";
			};
			name = Debug;
		};
		1594D83B2B8CE0C000180816 /* Release */ = {
			isa = XCBuildConfiguration;
			buildSettings = {
				ASSETCATALOG_COMPILER_APPICON_NAME = AppIcon;
				ASSETCATALOG_COMPILER_GLOBAL_ACCENT_COLOR_NAME = AccentColor;
				CODE_SIGN_STYLE = Automatic;
				CURRENT_PROJECT_VERSION = 1;
				DEVELOPMENT_TEAM = K92J5MFH85;
				GENERATE_INFOPLIST_FILE = YES;
				INFOPLIST_FILE = FacerRecognizationAppProject/Info.plist;
				INFOPLIST_KEY_UIApplicationSupportsIndirectInputEvents = YES;
				INFOPLIST_KEY_UILaunchStoryboardName = LaunchScreen;
				INFOPLIST_KEY_UIMainStoryboardFile = Main;
				INFOPLIST_KEY_UISupportedInterfaceOrientations_iPad = "UIInterfaceOrientationPortrait UIInterfaceOrientationPortraitUpsideDown UIInterfaceOrientationLandscapeLeft UIInterfaceOrientationLandscapeRight";
				INFOPLIST_KEY_UISupportedInterfaceOrientations_iPhone = "UIInterfaceOrientationPortrait UIInterfaceOrientationLandscapeLeft UIInterfaceOrientationLandscapeRight";
				LD_RUNPATH_SEARCH_PATHS = (
					"$(inherited)",
					"@executable_path/Frameworks",
				);
				MARKETING_VERSION = 1.0;
				PRODUCT_BUNDLE_IDENTIFIER = com.omersezer.FacerRecognizationAppProject;
				PRODUCT_NAME = "$(TARGET_NAME)";
				SWIFT_EMIT_LOC_STRINGS = YES;
				SWIFT_VERSION = 5.0;
				TARGETED_DEVICE_FAMILY = "1,2";
			};
			name = Release;
		};
		1594D83D2B8CE0C000180816 /* Debug */ = {
			isa = XCBuildConfiguration;
			buildSettings = {
				ALWAYS_EMBED_SWIFT_STANDARD_LIBRARIES = YES;
				BUNDLE_LOADER = "$(TEST_HOST)";
				CODE_SIGN_STYLE = Automatic;
				CURRENT_PROJECT_VERSION = 1;
				DEVELOPMENT_TEAM = K92J5MFH85;
				GENERATE_INFOPLIST_FILE = YES;
				IPHONEOS_DEPLOYMENT_TARGET = 17.2;
				MARKETING_VERSION = 1.0;
				PRODUCT_BUNDLE_IDENTIFIER = com.omersezer.FacerRecognizationAppProjectTests;
				PRODUCT_NAME = "$(TARGET_NAME)";
				SWIFT_EMIT_LOC_STRINGS = NO;
				SWIFT_VERSION = 5.0;
				TARGETED_DEVICE_FAMILY = "1,2";
				TEST_HOST = "$(BUILT_PRODUCTS_DIR)/FacerRecognizationAppProject.app/$(BUNDLE_EXECUTABLE_FOLDER_PATH)/FacerRecognizationAppProject";
			};
			name = Debug;
		};
		1594D83E2B8CE0C000180816 /* Release */ = {
			isa = XCBuildConfiguration;
			buildSettings = {
				ALWAYS_EMBED_SWIFT_STANDARD_LIBRARIES = YES;
				BUNDLE_LOADER = "$(TEST_HOST)";
				CODE_SIGN_STYLE = Automatic;
				CURRENT_PROJECT_VERSION = 1;
				DEVELOPMENT_TEAM = K92J5MFH85;
				GENERATE_INFOPLIST_FILE = YES;
				IPHONEOS_DEPLOYMENT_TARGET = 17.2;
				MARKETING_VERSION = 1.0;
				PRODUCT_BUNDLE_IDENTIFIER = com.omersezer.FacerRecognizationAppProjectTests;
				PRODUCT_NAME = "$(TARGET_NAME)";
				SWIFT_EMIT_LOC_STRINGS = NO;
				SWIFT_VERSION = 5.0;
				TARGETED_DEVICE_FAMILY = "1,2";
				TEST_HOST = "$(BUILT_PRODUCTS_DIR)/FacerRecognizationAppProject.app/$(BUNDLE_EXECUTABLE_FOLDER_PATH)/FacerRecognizationAppProject";
			};
			name = Release;
		};
		1594D8402B8CE0C000180816 /* Debug */ = {
			isa = XCBuildConfiguration;
			buildSettings = {
				ALWAYS_EMBED_SWIFT_STANDARD_LIBRARIES = YES;
				CODE_SIGN_STYLE = Automatic;
				CURRENT_PROJECT_VERSION = 1;
				DEVELOPMENT_TEAM = K92J5MFH85;
				GENERATE_INFOPLIST_FILE = YES;
				MARKETING_VERSION = 1.0;
				PRODUCT_BUNDLE_IDENTIFIER = com.omersezer.FacerRecognizationAppProjectUITests;
				PRODUCT_NAME = "$(TARGET_NAME)";
				SWIFT_EMIT_LOC_STRINGS = NO;
				SWIFT_VERSION = 5.0;
				TARGETED_DEVICE_FAMILY = "1,2";
				TEST_TARGET_NAME = FacerRecognizationAppProject;
			};
			name = Debug;
		};
		1594D8412B8CE0C000180816 /* Release */ = {
			isa = XCBuildConfiguration;
			buildSettings = {
				ALWAYS_EMBED_SWIFT_STANDARD_LIBRARIES = YES;
				CODE_SIGN_STYLE = Automatic;
				CURRENT_PROJECT_VERSION = 1;
				DEVELOPMENT_TEAM = K92J5MFH85;
				GENERATE_INFOPLIST_FILE = YES;
				MARKETING_VERSION = 1.0;
				PRODUCT_BUNDLE_IDENTIFIER = com.omersezer.FacerRecognizationAppProjectUITests;
				PRODUCT_NAME = "$(TARGET_NAME)";
				SWIFT_EMIT_LOC_STRINGS = NO;
				SWIFT_VERSION = 5.0;
				TARGETED_DEVICE_FAMILY = "1,2";
				TEST_TARGET_NAME = FacerRecognizationAppProject;
			};
			name = Release;
		};
/* End XCBuildConfiguration section */

/* Begin XCConfigurationList section */
		1594D80A2B8CE0BD00180816 /* Build configuration list for PBXProject "FacerRecognizationAppProject" */ = {
			isa = XCConfigurationList;
			buildConfigurations = (
				1594D8372B8CE0C000180816 /* Debug */,
				1594D8382B8CE0C000180816 /* Release */,
			);
			defaultConfigurationIsVisible = 0;
			defaultConfigurationName = Release;
		};
		1594D8392B8CE0C000180816 /* Build configuration list for PBXNativeTarget "FacerRecognizationAppProject" */ = {
			isa = XCConfigurationList;
			buildConfigurations = (
				1594D83A2B8CE0C000180816 /* Debug */,
				1594D83B2B8CE0C000180816 /* Release */,
			);
			defaultConfigurationIsVisible = 0;
			defaultConfigurationName = Release;
		};
		1594D83C2B8CE0C000180816 /* Build configuration list for PBXNativeTarget "FacerRecognizationAppProjectTests" */ = {
			isa = XCConfigurationList;
			buildConfigurations = (
				1594D83D2B8CE0C000180816 /* Debug */,
				1594D83E2B8CE0C000180816 /* Release */,
			);
			defaultConfigurationIsVisible = 0;
			defaultConfigurationName = Release;
		};
		1594D83F2B8CE0C000180816 /* Build configuration list for PBXNativeTarget "FacerRecognizationAppProjectUITests" */ = {
			isa = XCConfigurationList;
			buildConfigurations = (
				1594D8402B8CE0C000180816 /* Debug */,
				1594D8412B8CE0C000180816 /* Release */,
			);
			defaultConfigurationIsVisible = 0;
			defaultConfigurationName = Release;
		};
/* End XCConfigurationList section */
	};
	rootObject = 1594D8072B8CE0BD00180816 /* Project object */;
}
