// !$*UTF8*$!
{
	archiveVersion = 1;
	classes = {
	};
	objectVersion = 56;
	objects = {

/* Begin PBXBuildFile section */
		15D11E3D2B7D10A2002FDD6A /* AppDelegate.swift in Sources */ = {isa = PBXBuildFile; fileRef = 15D11E3C2B7D10A2002FDD6A /* AppDelegate.swift */; };
		15D11E3F2B7D10A2002FDD6A /* SceneDelegate.swift in Sources */ = {isa = PBXBuildFile; fileRef = 15D11E3E2B7D10A2002FDD6A /* SceneDelegate.swift */; };
		15D11E412B7D10A2002FDD6A /* ViewController.swift in Sources */ = {isa = PBXBuildFile; fileRef = 15D11E402B7D10A2002FDD6A /* ViewController.swift */; };
		15D11E442B7D10A2002FDD6A /* Main.storyboard in Resources */ = {isa = PBXBuildFile; fileRef = 15D11E422B7D10A2002FDD6A /* Main.storyboard */; };
		15D11E462B7D10A3002FDD6A /* Assets.xcassets in Resources */ = {isa = PBXBuildFile; fileRef = 15D11E452B7D10A3002FDD6A /* Assets.xcassets */; };
		15D11E492B7D10A3002FDD6A /* LaunchScreen.storyboard in Resources */ = {isa = PBXBuildFile; fileRef = 15D11E472B7D10A3002FDD6A /* LaunchScreen.storyboard */; };
		15D11E542B7D10A3002FDD6A /* AlertProjectTests.swift in Sources */ = {isa = PBXBuildFile; fileRef = 15D11E532B7D10A3002FDD6A /* AlertProjectTests.swift */; };
		15D11E5E2B7D10A3002FDD6A /* AlertProjectUITests.swift in Sources */ = {isa = PBXBuildFile; fileRef = 15D11E5D2B7D10A3002FDD6A /* AlertProjectUITests.swift */; };
		15D11E602B7D10A3002FDD6A /* AlertProjectUITestsLaunchTests.swift in Sources */ = {isa = PBXBuildFile; fileRef = 15D11E5F2B7D10A3002FDD6A /* AlertProjectUITestsLaunchTests.swift */; };
/* End PBXBuildFile section */

/* Begin PBXContainerItemProxy section */
		15D11E502B7D10A3002FDD6A /* PBXContainerItemProxy */ = {
			isa = PBXContainerItemProxy;
			containerPortal = 15D11E312B7D10A2002FDD6A /* Project object */;
			proxyType = 1;
			remoteGlobalIDString = 15D11E382B7D10A2002FDD6A;
			remoteInfo = AlertProject;
		};
		15D11E5A2B7D10A3002FDD6A /* PBXContainerItemProxy */ = {
			isa = PBXContainerItemProxy;
			containerPortal = 15D11E312B7D10A2002FDD6A /* Project object */;
			proxyType = 1;
			remoteGlobalIDString = 15D11E382B7D10A2002FDD6A;
			remoteInfo = AlertProject;
		};
/* End PBXContainerItemProxy section */

/* Begin PBXFileReference section */
		15D11E392B7D10A2002FDD6A /* AlertProject.app */ = {isa = PBXFileReference; explicitFileType = wrapper.application; includeInIndex = 0; path = AlertProject.app; sourceTree = BUILT_PRODUCTS_DIR; };
		15D11E3C2B7D10A2002FDD6A /* AppDelegate.swift */ = {isa = PBXFileReference; lastKnownFileType = sourcecode.swift; path = AppDelegate.swift; sourceTree = "<group>"; };
		15D11E3E2B7D10A2002FDD6A /* SceneDelegate.swift */ = {isa = PBXFileReference; lastKnownFileType = sourcecode.swift; path = SceneDelegate.swift; sourceTree = "<group>"; };
		15D11E402B7D10A2002FDD6A /* ViewController.swift */ = {isa = PBXFileReference; lastKnownFileType = sourcecode.swift; path = ViewController.swift; sourceTree = "<group>"; };
		15D11E432B7D10A2002FDD6A /* Base */ = {isa = PBXFileReference; lastKnownFileType = file.storyboard; name = Base; path = Base.lproj/Main.storyboard; sourceTree = "<group>"; };
		15D11E452B7D10A3002FDD6A /* Assets.xcassets */ = {isa = PBXFileReference; lastKnownFileType = folder.assetcatalog; path = Assets.xcassets; sourceTree = "<group>"; };
		15D11E482B7D10A3002FDD6A /* Base */ = {isa = PBXFileReference; lastKnownFileType = file.storyboard; name = Base; path = Base.lproj/LaunchScreen.storyboard; sourceTree = "<group>"; };
		15D11E4A2B7D10A3002FDD6A /* Info.plist */ = {isa = PBXFileReference; lastKnownFileType = text.plist.xml; path = Info.plist; sourceTree = "<group>"; };
		15D11E4F2B7D10A3002FDD6A /* AlertProjectTests.xctest */ = {isa = PBXFileReference; explicitFileType = wrapper.cfbundle; includeInIndex = 0; path = AlertProjectTests.xctest; sourceTree = BUILT_PRODUCTS_DIR; };
		15D11E532B7D10A3002FDD6A /* AlertProjectTests.swift */ = {isa = PBXFileReference; lastKnownFileType = sourcecode.swift; path = AlertProjectTests.swift; sourceTree = "<group>"; };
		15D11E592B7D10A3002FDD6A /* AlertProjectUITests.xctest */ = {isa = PBXFileReference; explicitFileType = wrapper.cfbundle; includeInIndex = 0; path = AlertProjectUITests.xctest; sourceTree = BUILT_PRODUCTS_DIR; };
		15D11E5D2B7D10A3002FDD6A /* AlertProjectUITests.swift */ = {isa = PBXFileReference; lastKnownFileType = sourcecode.swift; path = AlertProjectUITests.swift; sourceTree = "<group>"; };
		15D11E5F2B7D10A3002FDD6A /* AlertProjectUITestsLaunchTests.swift */ = {isa = PBXFileReference; lastKnownFileType = sourcecode.swift; path = AlertProjectUITestsLaunchTests.swift; sourceTree = "<group>"; };
/* End PBXFileReference section */

/* Begin PBXFrameworksBuildPhase section */
		15D11E362B7D10A2002FDD6A /* Frameworks */ = {
			isa = PBXFrameworksBuildPhase;
			buildActionMask = 2147483647;
			files = (
			);
			runOnlyForDeploymentPostprocessing = 0;
		};
		15D11E4C2B7D10A3002FDD6A /* Frameworks */ = {
			isa = PBXFrameworksBuildPhase;
			buildActionMask = 2147483647;
			files = (
			);
			runOnlyForDeploymentPostprocessing = 0;
		};
		15D11E562B7D10A3002FDD6A /* Frameworks */ = {
			isa = PBXFrameworksBuildPhase;
			buildActionMask = 2147483647;
			files = (
			);
			runOnlyForDeploymentPostprocessing = 0;
		};
/* End PBXFrameworksBuildPhase section */

/* Begin PBXGroup section */
		15D11E302B7D10A2002FDD6A = {
			isa = PBXGroup;
			children = (
				15D11E3B2B7D10A2002FDD6A /* AlertProject */,
				15D11E522B7D10A3002FDD6A /* AlertProjectTests */,
				15D11E5C2B7D10A3002FDD6A /* AlertProjectUITests */,
				15D11E3A2B7D10A2002FDD6A /* Products */,
			);
			sourceTree = "<group>";
		};
		15D11E3A2B7D10A2002FDD6A /* Products */ = {
			isa = PBXGroup;
			children = (
				15D11E392B7D10A2002FDD6A /* AlertProject.app */,
				15D11E4F2B7D10A3002FDD6A /* AlertProjectTests.xctest */,
				15D11E592B7D10A3002FDD6A /* AlertProjectUITests.xctest */,
			);
			name = Products;
			sourceTree = "<group>";
		};
		15D11E3B2B7D10A2002FDD6A /* AlertProject */ = {
			isa = PBXGroup;
			children = (
				15D11E3C2B7D10A2002FDD6A /* AppDelegate.swift */,
				15D11E3E2B7D10A2002FDD6A /* SceneDelegate.swift */,
				15D11E402B7D10A2002FDD6A /* ViewController.swift */,
				15D11E422B7D10A2002FDD6A /* Main.storyboard */,
				15D11E452B7D10A3002FDD6A /* Assets.xcassets */,
				15D11E472B7D10A3002FDD6A /* LaunchScreen.storyboard */,
				15D11E4A2B7D10A3002FDD6A /* Info.plist */,
			);
			path = AlertProject;
			sourceTree = "<group>";
		};
		15D11E522B7D10A3002FDD6A /* AlertProjectTests */ = {
			isa = PBXGroup;
			children = (
				15D11E532B7D10A3002FDD6A /* AlertProjectTests.swift */,
			);
			path = AlertProjectTests;
			sourceTree = "<group>";
		};
		15D11E5C2B7D10A3002FDD6A /* AlertProjectUITests */ = {
			isa = PBXGroup;
			children = (
				15D11E5D2B7D10A3002FDD6A /* AlertProjectUITests.swift */,
				15D11E5F2B7D10A3002FDD6A /* AlertProjectUITestsLaunchTests.swift */,
			);
			path = AlertProjectUITests;
			sourceTree = "<group>";
		};
/* End PBXGroup section */

/* Begin PBXNativeTarget section */
		15D11E382B7D10A2002FDD6A /* AlertProject */ = {
			isa = PBXNativeTarget;
			buildConfigurationList = 15D11E632B7D10A3002FDD6A /* Build configuration list for PBXNativeTarget "AlertProject" */;
			buildPhases = (
				15D11E352B7D10A2002FDD6A /* Sources */,
				15D11E362B7D10A2002FDD6A /* Frameworks */,
				15D11E372B7D10A2002FDD6A /* Resources */,
			);
			buildRules = (
			);
			dependencies = (
			);
			name = AlertProject;
			productName = AlertProject;
			productReference = 15D11E392B7D10A2002FDD6A /* AlertProject.app */;
			productType = "com.apple.product-type.application";
		};
		15D11E4E2B7D10A3002FDD6A /* AlertProjectTests */ = {
			isa = PBXNativeTarget;
			buildConfigurationList = 15D11E662B7D10A3002FDD6A /* Build configuration list for PBXNativeTarget "AlertProjectTests" */;
			buildPhases = (
				15D11E4B2B7D10A3002FDD6A /* Sources */,
				15D11E4C2B7D10A3002FDD6A /* Frameworks */,
				15D11E4D2B7D10A3002FDD6A /* Resources */,
			);
			buildRules = (
			);
			dependencies = (
				15D11E512B7D10A3002FDD6A /* PBXTargetDependency */,
			);
			name = AlertProjectTests;
			productName = AlertProjectTests;
			productReference = 15D11E4F2B7D10A3002FDD6A /* AlertProjectTests.xctest */;
			productType = "com.apple.product-type.bundle.unit-test";
		};
		15D11E582B7D10A3002FDD6A /* AlertProjectUITests */ = {
			isa = PBXNativeTarget;
			buildConfigurationList = 15D11E692B7D10A3002FDD6A /* Build configuration list for PBXNativeTarget "AlertProjectUITests" */;
			buildPhases = (
				15D11E552B7D10A3002FDD6A /* Sources */,
				15D11E562B7D10A3002FDD6A /* Frameworks */,
				15D11E572B7D10A3002FDD6A /* Resources */,
			);
			buildRules = (
			);
			dependencies = (
				15D11E5B2B7D10A3002FDD6A /* PBXTargetDependency */,
			);
			name = AlertProjectUITests;
			productName = AlertProjectUITests;
			productReference = 15D11E592B7D10A3002FDD6A /* AlertProjectUITests.xctest */;
			productType = "com.apple.product-type.bundle.ui-testing";
		};
/* End PBXNativeTarget section */

/* Begin PBXProject section */
		15D11E312B7D10A2002FDD6A /* Project object */ = {
			isa = PBXProject;
			attributes = {
				BuildIndependentTargetsInParallel = 1;
				LastSwiftUpdateCheck = 1520;
				LastUpgradeCheck = 1520;
				TargetAttributes = {
					15D11E382B7D10A2002FDD6A = {
						CreatedOnToolsVersion = 15.2;
					};
					15D11E4E2B7D10A3002FDD6A = {
						CreatedOnToolsVersion = 15.2;
						TestTargetID = 15D11E382B7D10A2002FDD6A;
					};
					15D11E582B7D10A3002FDD6A = {
						CreatedOnToolsVersion = 15.2;
						TestTargetID = 15D11E382B7D10A2002FDD6A;
					};
				};
			};
			buildConfigurationList = 15D11E342B7D10A2002FDD6A /* Build configuration list for PBXProject "AlertProject" */;
			compatibilityVersion = "Xcode 14.0";
			developmentRegion = en;
			hasScannedForEncodings = 0;
			knownRegions = (
				en,
				Base,
			);
			mainGroup = 15D11E302B7D10A2002FDD6A;
			productRefGroup = 15D11E3A2B7D10A2002FDD6A /* Products */;
			projectDirPath = "";
			projectRoot = "";
			targets = (
				15D11E382B7D10A2002FDD6A /* AlertProject */,
				15D11E4E2B7D10A3002FDD6A /* AlertProjectTests */,
				15D11E582B7D10A3002FDD6A /* AlertProjectUITests */,
			);
		};
/* End PBXProject section */

/* Begin PBXResourcesBuildPhase section */
		15D11E372B7D10A2002FDD6A /* Resources */ = {
			isa = PBXResourcesBuildPhase;
			buildActionMask = 2147483647;
			files = (
				15D11E492B7D10A3002FDD6A /* LaunchScreen.storyboard in Resources */,
				15D11E462B7D10A3002FDD6A /* Assets.xcassets in Resources */,
				15D11E442B7D10A2002FDD6A /* Main.storyboard in Resources */,
			);
			runOnlyForDeploymentPostprocessing = 0;
		};
		15D11E4D2B7D10A3002FDD6A /* Resources */ = {
			isa = PBXResourcesBuildPhase;
			buildActionMask = 2147483647;
			files = (
			);
			runOnlyForDeploymentPostprocessing = 0;
		};
		15D11E572B7D10A3002FDD6A /* Resources */ = {
			isa = PBXResourcesBuildPhase;
			buildActionMask = 2147483647;
			files = (
			);
			runOnlyForDeploymentPostprocessing = 0;
		};
/* End PBXResourcesBuildPhase section */

/* Begin PBXSourcesBuildPhase section */
		15D11E352B7D10A2002FDD6A /* Sources */ = {
			isa = PBXSourcesBuildPhase;
			buildActionMask = 2147483647;
			files = (
				15D11E412B7D10A2002FDD6A /* ViewController.swift in Sources */,
				15D11E3D2B7D10A2002FDD6A /* AppDelegate.swift in Sources */,
				15D11E3F2B7D10A2002FDD6A /* SceneDelegate.swift in Sources */,
			);
			runOnlyForDeploymentPostprocessing = 0;
		};
		15D11E4B2B7D10A3002FDD6A /* Sources */ = {
			isa = PBXSourcesBuildPhase;
			buildActionMask = 2147483647;
			files = (
				15D11E542B7D10A3002FDD6A /* AlertProjectTests.swift in Sources */,
			);
			runOnlyForDeploymentPostprocessing = 0;
		};
		15D11E552B7D10A3002FDD6A /* Sources */ = {
			isa = PBXSourcesBuildPhase;
			buildActionMask = 2147483647;
			files = (
				15D11E5E2B7D10A3002FDD6A /* AlertProjectUITests.swift in Sources */,
				15D11E602B7D10A3002FDD6A /* AlertProjectUITestsLaunchTests.swift in Sources */,
			);
			runOnlyForDeploymentPostprocessing = 0;
		};
/* End PBXSourcesBuildPhase section */

/* Begin PBXTargetDependency section */
		15D11E512B7D10A3002FDD6A /* PBXTargetDependency */ = {
			isa = PBXTargetDependency;
			target = 15D11E382B7D10A2002FDD6A /* AlertProject */;
			targetProxy = 15D11E502B7D10A3002FDD6A /* PBXContainerItemProxy */;
		};
		15D11E5B2B7D10A3002FDD6A /* PBXTargetDependency */ = {
			isa = PBXTargetDependency;
			target = 15D11E382B7D10A2002FDD6A /* AlertProject */;
			targetProxy = 15D11E5A2B7D10A3002FDD6A /* PBXContainerItemProxy */;
		};
/* End PBXTargetDependency section */

/* Begin PBXVariantGroup section */
		15D11E422B7D10A2002FDD6A /* Main.storyboard */ = {
			isa = PBXVariantGroup;
			children = (
				15D11E432B7D10A2002FDD6A /* Base */,
			);
			name = Main.storyboard;
			sourceTree = "<group>";
		};
		15D11E472B7D10A3002FDD6A /* LaunchScreen.storyboard */ = {
			isa = PBXVariantGroup;
			children = (
				15D11E482B7D10A3002FDD6A /* Base */,
			);
			name = LaunchScreen.storyboard;
			sourceTree = "<group>";
		};
/* End PBXVariantGroup section */

/* Begin XCBuildConfiguration section */
		15D11E612B7D10A3002FDD6A /* Debug */ = {
			isa = XCBuildConfiguration;
			buildSettings = {
				ALWAYS_SEARCH_USER_PATHS = NO;
				ASSETCATALOG_COMPILER_GENERATE_SWIFT_ASSET_SYMBOL_EXTENSIONS = YES;
				CLANG_ANALYZER_NONNULL = YES;
				CLANG_ANALYZER_NUMBER_OBJECT_CONVERSION = YES_AGGRESSIVE;
				CLANG_CXX_LANGUAGE_STANDARD = "gnu++20";
				CLANG_ENABLE_MODULES = YES;
				CLANG_ENABLE_OBJC_ARC = YES;
				CLANG_ENABLE_OBJC_WEAK = YES;
				CLANG_WARN_BLOCK_CAPTURE_AUTORELEASING = YES;
				CLANG_WARN_BOOL_CONVERSION = YES;
				CLANG_WARN_COMMA = YES;
				CLANG_WARN_CONSTANT_CONVERSION = YES;
				CLANG_WARN_DEPRECATED_OBJC_IMPLEMENTATIONS = YES;
				CLANG_WARN_DIRECT_OBJC_ISA_USAGE = YES_ERROR;
				CLANG_WARN_DOCUMENTATION_COMMENTS = YES;
				CLANG_WARN_EMPTY_BODY = YES;
				CLANG_WARN_ENUM_CONVERSION = YES;
				CLANG_WARN_INFINITE_RECURSION = YES;
				CLANG_WARN_INT_CONVERSION = YES;
				CLANG_WARN_NON_LITERAL_NULL_CONVERSION = YES;
				CLANG_WARN_OBJC_IMPLICIT_RETAIN_SELF = YES;
				CLANG_WARN_OBJC_LITERAL_CONVERSION = YES;
				CLANG_WARN_OBJC_ROOT_CLASS = YES_ERROR;
				CLANG_WARN_QUOTED_INCLUDE_IN_FRAMEWORK_HEADER = YES;
				CLANG_WARN_RANGE_LOOP_ANALYSIS = YES;
				CLANG_WARN_STRICT_PROTOTYPES = YES;
				CLANG_WARN_SUSPICIOUS_MOVE = YES;
				CLANG_WARN_UNGUARDED_AVAILABILITY = YES_AGGRESSIVE;
				CLANG_WARN_UNREACHABLE_CODE = YES;
				CLANG_WARN__DUPLICATE_METHOD_MATCH = YES;
				COPY_PHASE_STRIP = NO;
				DEBUG_INFORMATION_FORMAT = dwarf;
				ENABLE_STRICT_OBJC_MSGSEND = YES;
				ENABLE_TESTABILITY = YES;
				ENABLE_USER_SCRIPT_SANDBOXING = YES;
				GCC_C_LANGUAGE_STANDARD = gnu17;
				GCC_DYNAMIC_NO_PIC = NO;
				GCC_NO_COMMON_BLOCKS = YES;
				GCC_OPTIMIZATION_LEVEL = 0;
				GCC_PREPROCESSOR_DEFINITIONS = (
					"DEBUG=1",
					"$(inherited)",
				);
				GCC_WARN_64_TO_32_BIT_CONVERSION = YES;
				GCC_WARN_ABOUT_RETURN_TYPE = YES_ERROR;
				GCC_WARN_UNDECLARED_SELECTOR = YES;
				GCC_WARN_UNINITIALIZED_AUTOS = YES_AGGRESSIVE;
				GCC_WARN_UNUSED_FUNCTION = YES;
				GCC_WARN_UNUSED_VARIABLE = YES;
				IPHONEOS_DEPLOYMENT_TARGET = 17.2;
				LOCALIZATION_PREFERS_STRING_CATALOGS = YES;
				MTL_ENABLE_DEBUG_INFO = INCLUDE_SOURCE;
				MTL_FAST_MATH = YES;
				ONLY_ACTIVE_ARCH = YES;
				SDKROOT = iphoneos;
				SWIFT_ACTIVE_COMPILATION_CONDITIONS = "DEBUG $(inherited)";
				SWIFT_OPTIMIZATION_LEVEL = "-Onone";
			};
			name = Debug;
		};
		15D11E622B7D10A3002FDD6A /* Release */ = {
			isa = XCBuildConfiguration;
			buildSettings = {
				ALWAYS_SEARCH_USER_PATHS = NO;
				ASSETCATALOG_COMPILER_GENERATE_SWIFT_ASSET_SYMBOL_EXTENSIONS = YES;
				CLANG_ANALYZER_NONNULL = YES;
				CLANG_ANALYZER_NUMBER_OBJECT_CONVERSION = YES_AGGRESSIVE;
				CLANG_CXX_LANGUAGE_STANDARD = "gnu++20";
				CLANG_ENABLE_MODULES = YES;
				CLANG_ENABLE_OBJC_ARC = YES;
				CLANG_ENABLE_OBJC_WEAK = YES;
				CLANG_WARN_BLOCK_CAPTURE_AUTORELEASING = YES;
				CLANG_WARN_BOOL_CONVERSION = YES;
				CLANG_WARN_COMMA = YES;
				CLANG_WARN_CONSTANT_CONVERSION = YES;
				CLANG_WARN_DEPRECATED_OBJC_IMPLEMENTATIONS = YES;
				CLANG_WARN_DIRECT_OBJC_ISA_USAGE = YES_ERROR;
				CLANG_WARN_DOCUMENTATION_COMMENTS = YES;
				CLANG_WARN_EMPTY_BODY = YES;
				CLANG_WARN_ENUM_CONVERSION = YES;
				CLANG_WARN_INFINITE_RECURSION = YES;
				CLANG_WARN_INT_CONVERSION = YES;
				CLANG_WARN_NON_LITERAL_NULL_CONVERSION = YES;
				CLANG_WARN_OBJC_IMPLICIT_RETAIN_SELF = YES;
				CLANG_WARN_OBJC_LITERAL_CONVERSION = YES;
				CLANG_WARN_OBJC_ROOT_CLASS = YES_ERROR;
				CLANG_WARN_QUOTED_INCLUDE_IN_FRAMEWORK_HEADER = YES;
				CLANG_WARN_RANGE_LOOP_ANALYSIS = YES;
				CLANG_WARN_STRICT_PROTOTYPES = YES;
				CLANG_WARN_SUSPICIOUS_MOVE = YES;
				CLANG_WARN_UNGUARDED_AVAILABILITY = YES_AGGRESSIVE;
				CLANG_WARN_UNREACHABLE_CODE = YES;
				CLANG_WARN__DUPLICATE_METHOD_MATCH = YES;
				COPY_PHASE_STRIP = NO;
				DEBUG_INFORMATION_FORMAT = "dwarf-with-dsym";
				ENABLE_NS_ASSERTIONS = NO;
				ENABLE_STRICT_OBJC_MSGSEND = YES;
				ENABLE_USER_SCRIPT_SANDBOXING = YES;
				GCC_C_LANGUAGE_STANDARD = gnu17;
				GCC_NO_COMMON_BLOCKS = YES;
				GCC_WARN_64_TO_32_BIT_CONVERSION = YES;
				GCC_WARN_ABOUT_RETURN_TYPE = YES_ERROR;
				GCC_WARN_UNDECLARED_SELECTOR = YES;
				GCC_WARN_UNINITIALIZED_AUTOS = YES_AGGRESSIVE;
				GCC_WARN_UNUSED_FUNCTION = YES;
				GCC_WARN_UNUSED_VARIABLE = YES;
				IPHONEOS_DEPLOYMENT_TARGET = 17.2;
				LOCALIZATION_PREFERS_STRING_CATALOGS = YES;
				MTL_ENABLE_DEBUG_INFO = NO;
				MTL_FAST_MATH = YES;
				SDKROOT = iphoneos;
				SWIFT_COMPILATION_MODE = wholemodule;
				VALIDATE_PRODUCT = YES;
			};
			name = Release;
		};
		15D11E642B7D10A3002FDD6A /* Debug */ = {
			isa = XCBuildConfiguration;
			buildSettings = {
				ASSETCATALOG_COMPILER_APPICON_NAME = AppIcon;
				ASSETCATALOG_COMPILER_GLOBAL_ACCENT_COLOR_NAME = AccentColor;
				CODE_SIGN_STYLE = Automatic;
				CURRENT_PROJECT_VERSION = 1;
				DEVELOPMENT_TEAM = K92J5MFH85;
				GENERATE_INFOPLIST_FILE = YES;
				INFOPLIST_FILE = AlertProject/Info.plist;
				INFOPLIST_KEY_UIApplicationSupportsIndirectInputEvents = YES;
				INFOPLIST_KEY_UILaunchStoryboardName = LaunchScreen;
				INFOPLIST_KEY_UIMainStoryboardFile = Main;
				INFOPLIST_KEY_UISupportedInterfaceOrientations_iPad = "UIInterfaceOrientationPortrait UIInterfaceOrientationPortraitUpsideDown UIInterfaceOrientationLandscapeLeft UIInterfaceOrientationLandscapeRight";
				INFOPLIST_KEY_UISupportedInterfaceOrientations_iPhone = "UIInterfaceOrientationPortrait UIInterfaceOrientationLandscapeLeft UIInterfaceOrientationLandscapeRight";
				LD_RUNPATH_SEARCH_PATHS = (
					"$(inherited)",
					"@executable_path/Frameworks",
				);
				MARKETING_VERSION = 1.0;
				PRODUCT_BUNDLE_IDENTIFIER = com.omersezer.AlertProject;
				PRODUCT_NAME = "$(TARGET_NAME)";
				SWIFT_EMIT_LOC_STRINGS = YES;
				SWIFT_VERSION = 5.0;
				TARGETED_DEVICE_FAMILY = "1,2";
			};
			name = Debug;
		};
		15D11E652B7D10A3002FDD6A /* Release */ = {
			isa = XCBuildConfiguration;
			buildSettings = {
				ASSETCATALOG_COMPILER_APPICON_NAME = AppIcon;
				ASSETCATALOG_COMPILER_GLOBAL_ACCENT_COLOR_NAME = AccentColor;
				CODE_SIGN_STYLE = Automatic;
				CURRENT_PROJECT_VERSION = 1;
				DEVELOPMENT_TEAM = K92J5MFH85;
				GENERATE_INFOPLIST_FILE = YES;
				INFOPLIST_FILE = AlertProject/Info.plist;
				INFOPLIST_KEY_UIApplicationSupportsIndirectInputEvents = YES;
				INFOPLIST_KEY_UILaunchStoryboardName = LaunchScreen;
				INFOPLIST_KEY_UIMainStoryboardFile = Main;
				INFOPLIST_KEY_UISupportedInterfaceOrientations_iPad = "UIInterfaceOrientationPortrait UIInterfaceOrientationPortraitUpsideDown UIInterfaceOrientationLandscapeLeft UIInterfaceOrientationLandscapeRight";
				INFOPLIST_KEY_UISupportedInterfaceOrientations_iPhone = "UIInterfaceOrientationPortrait UIInterfaceOrientationLandscapeLeft UIInterfaceOrientationLandscapeRight";
				LD_RUNPATH_SEARCH_PATHS = (
					"$(inherited)",
					"@executable_path/Frameworks",
				);
				MARKETING_VERSION = 1.0;
				PRODUCT_BUNDLE_IDENTIFIER = com.omersezer.AlertProject;
				PRODUCT_NAME = "$(TARGET_NAME)";
				SWIFT_EMIT_LOC_STRINGS = YES;
				SWIFT_VERSION = 5.0;
				TARGETED_DEVICE_FAMILY = "1,2";
			};
			name = Release;
		};
		15D11E672B7D10A3002FDD6A /* Debug */ = {
			isa = XCBuildConfiguration;
			buildSettings = {
				ALWAYS_EMBED_SWIFT_STANDARD_LIBRARIES = YES;
				BUNDLE_LOADER = "$(TEST_HOST)";
				CODE_SIGN_STYLE = Automatic;
				CURRENT_PROJECT_VERSION = 1;
				DEVELOPMENT_TEAM = K92J5MFH85;
				GENERATE_INFOPLIST_FILE = YES;
				IPHONEOS_DEPLOYMENT_TARGET = 17.2;
				MARKETING_VERSION = 1.0;
				PRODUCT_BUNDLE_IDENTIFIER = com.omersezer.AlertProjectTests;
				PRODUCT_NAME = "$(TARGET_NAME)";
				SWIFT_EMIT_LOC_STRINGS = NO;
				SWIFT_VERSION = 5.0;
				TARGETED_DEVICE_FAMILY = "1,2";
				TEST_HOST = "$(BUILT_PRODUCTS_DIR)/AlertProject.app/$(BUNDLE_EXECUTABLE_FOLDER_PATH)/AlertProject";
			};
			name = Debug;
		};
		15D11E682B7D10A3002FDD6A /* Release */ = {
			isa = XCBuildConfiguration;
			buildSettings = {
				ALWAYS_EMBED_SWIFT_STANDARD_LIBRARIES = YES;
				BUNDLE_LOADER = "$(TEST_HOST)";
				CODE_SIGN_STYLE = Automatic;
				CURRENT_PROJECT_VERSION = 1;
				DEVELOPMENT_TEAM = K92J5MFH85;
				GENERATE_INFOPLIST_FILE = YES;
				IPHONEOS_DEPLOYMENT_TARGET = 17.2;
				MARKETING_VERSION = 1.0;
				PRODUCT_BUNDLE_IDENTIFIER = com.omersezer.AlertProjectTests;
				PRODUCT_NAME = "$(TARGET_NAME)";
				SWIFT_EMIT_LOC_STRINGS = NO;
				SWIFT_VERSION = 5.0;
				TARGETED_DEVICE_FAMILY = "1,2";
				TEST_HOST = "$(BUILT_PRODUCTS_DIR)/AlertProject.app/$(BUNDLE_EXECUTABLE_FOLDER_PATH)/AlertProject";
			};
			name = Release;
		};
		15D11E6A2B7D10A3002FDD6A /* Debug */ = {
			isa = XCBuildConfiguration;
			buildSettings = {
				ALWAYS_EMBED_SWIFT_STANDARD_LIBRARIES = YES;
				CODE_SIGN_STYLE = Automatic;
				CURRENT_PROJECT_VERSION = 1;
				DEVELOPMENT_TEAM = K92J5MFH85;
				GENERATE_INFOPLIST_FILE = YES;
				MARKETING_VERSION = 1.0;
				PRODUCT_BUNDLE_IDENTIFIER = com.omersezer.AlertProjectUITests;
				PRODUCT_NAME = "$(TARGET_NAME)";
				SWIFT_EMIT_LOC_STRINGS = NO;
				SWIFT_VERSION = 5.0;
				TARGETED_DEVICE_FAMILY = "1,2";
				TEST_TARGET_NAME = AlertProject;
			};
			name = Debug;
		};
		15D11E6B2B7D10A3002FDD6A /* Release */ = {
			isa = XCBuildConfiguration;
			buildSettings = {
				ALWAYS_EMBED_SWIFT_STANDARD_LIBRARIES = YES;
				CODE_SIGN_STYLE = Automatic;
				CURRENT_PROJECT_VERSION = 1;
				DEVELOPMENT_TEAM = K92J5MFH85;
				GENERATE_INFOPLIST_FILE = YES;
				MARKETING_VERSION = 1.0;
				PRODUCT_BUNDLE_IDENTIFIER = com.omersezer.AlertProjectUITests;
				PRODUCT_NAME = "$(TARGET_NAME)";
				SWIFT_EMIT_LOC_STRINGS = NO;
				SWIFT_VERSION = 5.0;
				TARGETED_DEVICE_FAMILY = "1,2";
				TEST_TARGET_NAME = AlertProject;
			};
			name = Release;
		};
/* End XCBuildConfiguration section */

/* Begin XCConfigurationList section */
		15D11E342B7D10A2002FDD6A /* Build configuration list for PBXProject "AlertProject" */ = {
			isa = XCConfigurationList;
			buildConfigurations = (
				15D11E612B7D10A3002FDD6A /* Debug */,
				15D11E622B7D10A3002FDD6A /* Release */,
			);
			defaultConfigurationIsVisible = 0;
			defaultConfigurationName = Release;
		};
		15D11E632B7D10A3002FDD6A /* Build configuration list for PBXNativeTarget "AlertProject" */ = {
			isa = XCConfigurationList;
			buildConfigurations = (
				15D11E642B7D10A3002FDD6A /* Debug */,
				15D11E652B7D10A3002FDD6A /* Release */,
			);
			defaultConfigurationIsVisible = 0;
			defaultConfigurationName = Release;
		};
		15D11E662B7D10A3002FDD6A /* Build configuration list for PBXNativeTarget "AlertProjectTests" */ = {
			isa = XCConfigurationList;
			buildConfigurations = (
				15D11E672B7D10A3002FDD6A /* Debug */,
				15D11E682B7D10A3002FDD6A /* Release */,
			);
			defaultConfigurationIsVisible = 0;
			defaultConfigurationName = Release;
		};
		15D11E692B7D10A3002FDD6A /* Build configuration list for PBXNativeTarget "AlertProjectUITests" */ = {
			isa = XCConfigurationList;
			buildConfigurations = (
				15D11E6A2B7D10A3002FDD6A /* Debug */,
				15D11E6B2B7D10A3002FDD6A /* Release */,
			);
			defaultConfigurationIsVisible = 0;
			defaultConfigurationName = Release;
		};
/* End XCConfigurationList section */
	};
	rootObject = 15D11E312B7D10A2002FDD6A /* Project object */;
}
