// !$*UTF8*$!
{
	archiveVersion = 1;
	classes = {
	};
	objectVersion = 56;
	objects = {

/* Begin PBXBuildFile section */
		150DACB02B7E31BF00D1567E /* AppDelegate.swift in Sources */ = {isa = PBXBuildFile; fileRef = 150DACAF2B7E31BF00D1567E /* AppDelegate.swift */; };
		150DACB22B7E31BF00D1567E /* SceneDelegate.swift in Sources */ = {isa = PBXBuildFile; fileRef = 150DACB12B7E31BF00D1567E /* SceneDelegate.swift */; };
		150DACB42B7E31BF00D1567E /* ViewController.swift in Sources */ = {isa = PBXBuildFile; fileRef = 150DACB32B7E31BF00D1567E /* ViewController.swift */; };
		150DACB72B7E31BF00D1567E /* Main.storyboard in Resources */ = {isa = PBXBuildFile; fileRef = 150DACB52B7E31BF00D1567E /* Main.storyboard */; };
		150DACB92B7E31C100D1567E /* Assets.xcassets in Resources */ = {isa = PBXBuildFile; fileRef = 150DACB82B7E31C100D1567E /* Assets.xcassets */; };
		150DACBC2B7E31C100D1567E /* LaunchScreen.storyboard in Resources */ = {isa = PBXBuildFile; fileRef = 150DACBA2B7E31C100D1567E /* LaunchScreen.storyboard */; };
		150DACC72B7E31C200D1567E /* catchTheKennyGameTests.swift in Sources */ = {isa = PBXBuildFile; fileRef = 150DACC62B7E31C200D1567E /* catchTheKennyGameTests.swift */; };
		150DACD12B7E31C200D1567E /* catchTheKennyGameUITests.swift in Sources */ = {isa = PBXBuildFile; fileRef = 150DACD02B7E31C200D1567E /* catchTheKennyGameUITests.swift */; };
		150DACD32B7E31C200D1567E /* catchTheKennyGameUITestsLaunchTests.swift in Sources */ = {isa = PBXBuildFile; fileRef = 150DACD22B7E31C200D1567E /* catchTheKennyGameUITestsLaunchTests.swift */; };
/* End PBXBuildFile section */

/* Begin PBXContainerItemProxy section */
		150DACC32B7E31C200D1567E /* PBXContainerItemProxy */ = {
			isa = PBXContainerItemProxy;
			containerPortal = 150DACA42B7E31BF00D1567E /* Project object */;
			proxyType = 1;
			remoteGlobalIDString = 150DACAB2B7E31BF00D1567E;
			remoteInfo = catchTheKennyGame;
		};
		150DACCD2B7E31C200D1567E /* PBXContainerItemProxy */ = {
			isa = PBXContainerItemProxy;
			containerPortal = 150DACA42B7E31BF00D1567E /* Project object */;
			proxyType = 1;
			remoteGlobalIDString = 150DACAB2B7E31BF00D1567E;
			remoteInfo = catchTheKennyGame;
		};
/* End PBXContainerItemProxy section */

/* Begin PBXFileReference section */
		150DACAC2B7E31BF00D1567E /* catchTheKennyGame.app */ = {isa = PBXFileReference; explicitFileType = wrapper.application; includeInIndex = 0; path = catchTheKennyGame.app; sourceTree = BUILT_PRODUCTS_DIR; };
		150DACAF2B7E31BF00D1567E /* AppDelegate.swift */ = {isa = PBXFileReference; lastKnownFileType = sourcecode.swift; path = AppDelegate.swift; sourceTree = "<group>"; };
		150DACB12B7E31BF00D1567E /* SceneDelegate.swift */ = {isa = PBXFileReference; lastKnownFileType = sourcecode.swift; path = SceneDelegate.swift; sourceTree = "<group>"; };
		150DACB32B7E31BF00D1567E /* ViewController.swift */ = {isa = PBXFileReference; lastKnownFileType = sourcecode.swift; path = ViewController.swift; sourceTree = "<group>"; };
		150DACB62B7E31BF00D1567E /* Base */ = {isa = PBXFileReference; lastKnownFileType = file.storyboard; name = Base; path = Base.lproj/Main.storyboard; sourceTree = "<group>"; };
		150DACB82B7E31C100D1567E /* Assets.xcassets */ = {isa = PBXFileReference; lastKnownFileType = folder.assetcatalog; path = Assets.xcassets; sourceTree = "<group>"; };
		150DACBB2B7E31C100D1567E /* Base */ = {isa = PBXFileReference; lastKnownFileType = file.storyboard; name = Base; path = Base.lproj/LaunchScreen.storyboard; sourceTree = "<group>"; };
		150DACBD2B7E31C100D1567E /* Info.plist */ = {isa = PBXFileReference; lastKnownFileType = text.plist.xml; path = Info.plist; sourceTree = "<group>"; };
		150DACC22B7E31C200D1567E /* catchTheKennyGameTests.xctest */ = {isa = PBXFileReference; explicitFileType = wrapper.cfbundle; includeInIndex = 0; path = catchTheKennyGameTests.xctest; sourceTree = BUILT_PRODUCTS_DIR; };
		150DACC62B7E31C200D1567E /* catchTheKennyGameTests.swift */ = {isa = PBXFileReference; lastKnownFileType = sourcecode.swift; path = catchTheKennyGameTests.swift; sourceTree = "<group>"; };
		150DACCC2B7E31C200D1567E /* catchTheKennyGameUITests.xctest */ = {isa = PBXFileReference; explicitFileType = wrapper.cfbundle; includeInIndex = 0; path = catchTheKennyGameUITests.xctest; sourceTree = BUILT_PRODUCTS_DIR; };
		150DACD02B7E31C200D1567E /* catchTheKennyGameUITests.swift */ = {isa = PBXFileReference; lastKnownFileType = sourcecode.swift; path = catchTheKennyGameUITests.swift; sourceTree = "<group>"; };
		150DACD22B7E31C200D1567E /* catchTheKennyGameUITestsLaunchTests.swift */ = {isa = PBXFileReference; lastKnownFileType = sourcecode.swift; path = catchTheKennyGameUITestsLaunchTests.swift; sourceTree = "<group>"; };
/* End PBXFileReference section */

/* Begin PBXFrameworksBuildPhase section */
		150DACA92B7E31BF00D1567E /* Frameworks */ = {
			isa = PBXFrameworksBuildPhase;
			buildActionMask = 2147483647;
			files = (
			);
			runOnlyForDeploymentPostprocessing = 0;
		};
		150DACBF2B7E31C200D1567E /* Frameworks */ = {
			isa = PBXFrameworksBuildPhase;
			buildActionMask = 2147483647;
			files = (
			);
			runOnlyForDeploymentPostprocessing = 0;
		};
		150DACC92B7E31C200D1567E /* Frameworks */ = {
			isa = PBXFrameworksBuildPhase;
			buildActionMask = 2147483647;
			files = (
			);
			runOnlyForDeploymentPostprocessing = 0;
		};
/* End PBXFrameworksBuildPhase section */

/* Begin PBXGroup section */
		150DACA32B7E31BF00D1567E = {
			isa = PBXGroup;
			children = (
				150DACAE2B7E31BF00D1567E /* catchTheKennyGame */,
				150DACC52B7E31C200D1567E /* catchTheKennyGameTests */,
				150DACCF2B7E31C200D1567E /* catchTheKennyGameUITests */,
				150DACAD2B7E31BF00D1567E /* Products */,
			);
			sourceTree = "<group>";
		};
		150DACAD2B7E31BF00D1567E /* Products */ = {
			isa = PBXGroup;
			children = (
				150DACAC2B7E31BF00D1567E /* catchTheKennyGame.app */,
				150DACC22B7E31C200D1567E /* catchTheKennyGameTests.xctest */,
				150DACCC2B7E31C200D1567E /* catchTheKennyGameUITests.xctest */,
			);
			name = Products;
			sourceTree = "<group>";
		};
		150DACAE2B7E31BF00D1567E /* catchTheKennyGame */ = {
			isa = PBXGroup;
			children = (
				150DACAF2B7E31BF00D1567E /* AppDelegate.swift */,
				150DACB12B7E31BF00D1567E /* SceneDelegate.swift */,
				150DACB32B7E31BF00D1567E /* ViewController.swift */,
				150DACB52B7E31BF00D1567E /* Main.storyboard */,
				150DACB82B7E31C100D1567E /* Assets.xcassets */,
				150DACBA2B7E31C100D1567E /* LaunchScreen.storyboard */,
				150DACBD2B7E31C100D1567E /* Info.plist */,
			);
			path = catchTheKennyGame;
			sourceTree = "<group>";
		};
		150DACC52B7E31C200D1567E /* catchTheKennyGameTests */ = {
			isa = PBXGroup;
			children = (
				150DACC62B7E31C200D1567E /* catchTheKennyGameTests.swift */,
			);
			path = catchTheKennyGameTests;
			sourceTree = "<group>";
		};
		150DACCF2B7E31C200D1567E /* catchTheKennyGameUITests */ = {
			isa = PBXGroup;
			children = (
				150DACD02B7E31C200D1567E /* catchTheKennyGameUITests.swift */,
				150DACD22B7E31C200D1567E /* catchTheKennyGameUITestsLaunchTests.swift */,
			);
			path = catchTheKennyGameUITests;
			sourceTree = "<group>";
		};
/* End PBXGroup section */

/* Begin PBXNativeTarget section */
		150DACAB2B7E31BF00D1567E /* catchTheKennyGame */ = {
			isa = PBXNativeTarget;
			buildConfigurationList = 150DACD62B7E31C200D1567E /* Build configuration list for PBXNativeTarget "catchTheKennyGame" */;
			buildPhases = (
				150DACA82B7E31BF00D1567E /* Sources */,
				150DACA92B7E31BF00D1567E /* Frameworks */,
				150DACAA2B7E31BF00D1567E /* Resources */,
			);
			buildRules = (
			);
			dependencies = (
			);
			name = catchTheKennyGame;
			productName = catchTheKennyGame;
			productReference = 150DACAC2B7E31BF00D1567E /* catchTheKennyGame.app */;
			productType = "com.apple.product-type.application";
		};
		150DACC12B7E31C200D1567E /* catchTheKennyGameTests */ = {
			isa = PBXNativeTarget;
			buildConfigurationList = 150DACD92B7E31C200D1567E /* Build configuration list for PBXNativeTarget "catchTheKennyGameTests" */;
			buildPhases = (
				150DACBE2B7E31C200D1567E /* Sources */,
				150DACBF2B7E31C200D1567E /* Frameworks */,
				150DACC02B7E31C200D1567E /* Resources */,
			);
			buildRules = (
			);
			dependencies = (
				150DACC42B7E31C200D1567E /* PBXTargetDependency */,
			);
			name = catchTheKennyGameTests;
			productName = catchTheKennyGameTests;
			productReference = 150DACC22B7E31C200D1567E /* catchTheKennyGameTests.xctest */;
			productType = "com.apple.product-type.bundle.unit-test";
		};
		150DACCB2B7E31C200D1567E /* catchTheKennyGameUITests */ = {
			isa = PBXNativeTarget;
			buildConfigurationList = 150DACDC2B7E31C200D1567E /* Build configuration list for PBXNativeTarget "catchTheKennyGameUITests" */;
			buildPhases = (
				150DACC82B7E31C200D1567E /* Sources */,
				150DACC92B7E31C200D1567E /* Frameworks */,
				150DACCA2B7E31C200D1567E /* Resources */,
			);
			buildRules = (
			);
			dependencies = (
				150DACCE2B7E31C200D1567E /* PBXTargetDependency */,
			);
			name = catchTheKennyGameUITests;
			productName = catchTheKennyGameUITests;
			productReference = 150DACCC2B7E31C200D1567E /* catchTheKennyGameUITests.xctest */;
			productType = "com.apple.product-type.bundle.ui-testing";
		};
/* End PBXNativeTarget section */

/* Begin PBXProject section */
		150DACA42B7E31BF00D1567E /* Project object */ = {
			isa = PBXProject;
			attributes = {
				BuildIndependentTargetsInParallel = 1;
				LastSwiftUpdateCheck = 1520;
				LastUpgradeCheck = 1520;
				TargetAttributes = {
					150DACAB2B7E31BF00D1567E = {
						CreatedOnToolsVersion = 15.2;
					};
					150DACC12B7E31C200D1567E = {
						CreatedOnToolsVersion = 15.2;
						TestTargetID = 150DACAB2B7E31BF00D1567E;
					};
					150DACCB2B7E31C200D1567E = {
						CreatedOnToolsVersion = 15.2;
						TestTargetID = 150DACAB2B7E31BF00D1567E;
					};
				};
			};
			buildConfigurationList = 150DACA72B7E31BF00D1567E /* Build configuration list for PBXProject "catchTheKennyGame" */;
			compatibilityVersion = "Xcode 14.0";
			developmentRegion = en;
			hasScannedForEncodings = 0;
			knownRegions = (
				en,
				Base,
			);
			mainGroup = 150DACA32B7E31BF00D1567E;
			productRefGroup = 150DACAD2B7E31BF00D1567E /* Products */;
			projectDirPath = "";
			projectRoot = "";
			targets = (
				150DACAB2B7E31BF00D1567E /* catchTheKennyGame */,
				150DACC12B7E31C200D1567E /* catchTheKennyGameTests */,
				150DACCB2B7E31C200D1567E /* catchTheKennyGameUITests */,
			);
		};
/* End PBXProject section */

/* Begin PBXResourcesBuildPhase section */
		150DACAA2B7E31BF00D1567E /* Resources */ = {
			isa = PBXResourcesBuildPhase;
			buildActionMask = 2147483647;
			files = (
				150DACBC2B7E31C100D1567E /* LaunchScreen.storyboard in Resources */,
				150DACB92B7E31C100D1567E /* Assets.xcassets in Resources */,
				150DACB72B7E31BF00D1567E /* Main.storyboard in Resources */,
			);
			runOnlyForDeploymentPostprocessing = 0;
		};
		150DACC02B7E31C200D1567E /* Resources */ = {
			isa = PBXResourcesBuildPhase;
			buildActionMask = 2147483647;
			files = (
			);
			runOnlyForDeploymentPostprocessing = 0;
		};
		150DACCA2B7E31C200D1567E /* Resources */ = {
			isa = PBXResourcesBuildPhase;
			buildActionMask = 2147483647;
			files = (
			);
			runOnlyForDeploymentPostprocessing = 0;
		};
/* End PBXResourcesBuildPhase section */

/* Begin PBXSourcesBuildPhase section */
		150DACA82B7E31BF00D1567E /* Sources */ = {
			isa = PBXSourcesBuildPhase;
			buildActionMask = 2147483647;
			files = (
				150DACB42B7E31BF00D1567E /* ViewController.swift in Sources */,
				150DACB02B7E31BF00D1567E /* AppDelegate.swift in Sources */,
				150DACB22B7E31BF00D1567E /* SceneDelegate.swift in Sources */,
			);
			runOnlyForDeploymentPostprocessing = 0;
		};
		150DACBE2B7E31C200D1567E /* Sources */ = {
			isa = PBXSourcesBuildPhase;
			buildActionMask = 2147483647;
			files = (
				150DACC72B7E31C200D1567E /* catchTheKennyGameTests.swift in Sources */,
			);
			runOnlyForDeploymentPostprocessing = 0;
		};
		150DACC82B7E31C200D1567E /* Sources */ = {
			isa = PBXSourcesBuildPhase;
			buildActionMask = 2147483647;
			files = (
				150DACD32B7E31C200D1567E /* catchTheKennyGameUITestsLaunchTests.swift in Sources */,
				150DACD12B7E31C200D1567E /* catchTheKennyGameUITests.swift in Sources */,
			);
			runOnlyForDeploymentPostprocessing = 0;
		};
/* End PBXSourcesBuildPhase section */

/* Begin PBXTargetDependency section */
		150DACC42B7E31C200D1567E /* PBXTargetDependency */ = {
			isa = PBXTargetDependency;
			target = 150DACAB2B7E31BF00D1567E /* catchTheKennyGame */;
			targetProxy = 150DACC32B7E31C200D1567E /* PBXContainerItemProxy */;
		};
		150DACCE2B7E31C200D1567E /* PBXTargetDependency */ = {
			isa = PBXTargetDependency;
			target = 150DACAB2B7E31BF00D1567E /* catchTheKennyGame */;
			targetProxy = 150DACCD2B7E31C200D1567E /* PBXContainerItemProxy */;
		};
/* End PBXTargetDependency section */

/* Begin PBXVariantGroup section */
		150DACB52B7E31BF00D1567E /* Main.storyboard */ = {
			isa = PBXVariantGroup;
			children = (
				150DACB62B7E31BF00D1567E /* Base */,
			);
			name = Main.storyboard;
			sourceTree = "<group>";
		};
		150DACBA2B7E31C100D1567E /* LaunchScreen.storyboard */ = {
			isa = PBXVariantGroup;
			children = (
				150DACBB2B7E31C100D1567E /* Base */,
			);
			name = LaunchScreen.storyboard;
			sourceTree = "<group>";
		};
/* End PBXVariantGroup section */

/* Begin XCBuildConfiguration section */
		150DACD42B7E31C200D1567E /* Debug */ = {
			isa = XCBuildConfiguration;
			buildSettings = {
				ALWAYS_SEARCH_USER_PATHS = NO;
				ASSETCATALOG_COMPILER_GENERATE_SWIFT_ASSET_SYMBOL_EXTENSIONS = YES;
				CLANG_ANALYZER_NONNULL = YES;
				CLANG_ANALYZER_NUMBER_OBJECT_CONVERSION = YES_AGGRESSIVE;
				CLANG_CXX_LANGUAGE_STANDARD = "gnu++20";
				CLANG_ENABLE_MODULES = YES;
				CLANG_ENABLE_OBJC_ARC = YES;
				CLANG_ENABLE_OBJC_WEAK = YES;
				CLANG_WARN_BLOCK_CAPTURE_AUTORELEASING = YES;
				CLANG_WARN_BOOL_CONVERSION = YES;
				CLANG_WARN_COMMA = YES;
				CLANG_WARN_CONSTANT_CONVERSION = YES;
				CLANG_WARN_DEPRECATED_OBJC_IMPLEMENTATIONS = YES;
				CLANG_WARN_DIRECT_OBJC_ISA_USAGE = YES_ERROR;
				CLANG_WARN_DOCUMENTATION_COMMENTS = YES;
				CLANG_WARN_EMPTY_BODY = YES;
				CLANG_WARN_ENUM_CONVERSION = YES;
				CLANG_WARN_INFINITE_RECURSION = YES;
				CLANG_WARN_INT_CONVERSION = YES;
				CLANG_WARN_NON_LITERAL_NULL_CONVERSION = YES;
				CLANG_WARN_OBJC_IMPLICIT_RETAIN_SELF = YES;
				CLANG_WARN_OBJC_LITERAL_CONVERSION = YES;
				CLANG_WARN_OBJC_ROOT_CLASS = YES_ERROR;
				CLANG_WARN_QUOTED_INCLUDE_IN_FRAMEWORK_HEADER = YES;
				CLANG_WARN_RANGE_LOOP_ANALYSIS = YES;
				CLANG_WARN_STRICT_PROTOTYPES = YES;
				CLANG_WARN_SUSPICIOUS_MOVE = YES;
				CLANG_WARN_UNGUARDED_AVAILABILITY = YES_AGGRESSIVE;
				CLANG_WARN_UNREACHABLE_CODE = YES;
				CLANG_WARN__DUPLICATE_METHOD_MATCH = YES;
				COPY_PHASE_STRIP = NO;
				DEBUG_INFORMATION_FORMAT = dwarf;
				ENABLE_STRICT_OBJC_MSGSEND = YES;
				ENABLE_TESTABILITY = YES;
				ENABLE_USER_SCRIPT_SANDBOXING = YES;
				GCC_C_LANGUAGE_STANDARD = gnu17;
				GCC_DYNAMIC_NO_PIC = NO;
				GCC_NO_COMMON_BLOCKS = YES;
				GCC_OPTIMIZATION_LEVEL = 0;
				GCC_PREPROCESSOR_DEFINITIONS = (
					"DEBUG=1",
					"$(inherited)",
				);
				GCC_WARN_64_TO_32_BIT_CONVERSION = YES;
				GCC_WARN_ABOUT_RETURN_TYPE = YES_ERROR;
				GCC_WARN_UNDECLARED_SELECTOR = YES;
				GCC_WARN_UNINITIALIZED_AUTOS = YES_AGGRESSIVE;
				GCC_WARN_UNUSED_FUNCTION = YES;
				GCC_WARN_UNUSED_VARIABLE = YES;
				IPHONEOS_DEPLOYMENT_TARGET = 17.2;
				LOCALIZATION_PREFERS_STRING_CATALOGS = YES;
				MTL_ENABLE_DEBUG_INFO = INCLUDE_SOURCE;
				MTL_FAST_MATH = YES;
				ONLY_ACTIVE_ARCH = YES;
				SDKROOT = iphoneos;
				SWIFT_ACTIVE_COMPILATION_CONDITIONS = "DEBUG $(inherited)";
				SWIFT_OPTIMIZATION_LEVEL = "-Onone";
			};
			name = Debug;
		};
		150DACD52B7E31C200D1567E /* Release */ = {
			isa = XCBuildConfiguration;
			buildSettings = {
				ALWAYS_SEARCH_USER_PATHS = NO;
				ASSETCATALOG_COMPILER_GENERATE_SWIFT_ASSET_SYMBOL_EXTENSIONS = YES;
				CLANG_ANALYZER_NONNULL = YES;
				CLANG_ANALYZER_NUMBER_OBJECT_CONVERSION = YES_AGGRESSIVE;
				CLANG_CXX_LANGUAGE_STANDARD = "gnu++20";
				CLANG_ENABLE_MODULES = YES;
				CLANG_ENABLE_OBJC_ARC = YES;
				CLANG_ENABLE_OBJC_WEAK = YES;
				CLANG_WARN_BLOCK_CAPTURE_AUTORELEASING = YES;
				CLANG_WARN_BOOL_CONVERSION = YES;
				CLANG_WARN_COMMA = YES;
				CLANG_WARN_CONSTANT_CONVERSION = YES;
				CLANG_WARN_DEPRECATED_OBJC_IMPLEMENTATIONS = YES;
				CLANG_WARN_DIRECT_OBJC_ISA_USAGE = YES_ERROR;
				CLANG_WARN_DOCUMENTATION_COMMENTS = YES;
				CLANG_WARN_EMPTY_BODY = YES;
				CLANG_WARN_ENUM_CONVERSION = YES;
				CLANG_WARN_INFINITE_RECURSION = YES;
				CLANG_WARN_INT_CONVERSION = YES;
				CLANG_WARN_NON_LITERAL_NULL_CONVERSION = YES;
				CLANG_WARN_OBJC_IMPLICIT_RETAIN_SELF = YES;
				CLANG_WARN_OBJC_LITERAL_CONVERSION = YES;
				CLANG_WARN_OBJC_ROOT_CLASS = YES_ERROR;
				CLANG_WARN_QUOTED_INCLUDE_IN_FRAMEWORK_HEADER = YES;
				CLANG_WARN_RANGE_LOOP_ANALYSIS = YES;
				CLANG_WARN_STRICT_PROTOTYPES = YES;
				CLANG_WARN_SUSPICIOUS_MOVE = YES;
				CLANG_WARN_UNGUARDED_AVAILABILITY = YES_AGGRESSIVE;
				CLANG_WARN_UNREACHABLE_CODE = YES;
				CLANG_WARN__DUPLICATE_METHOD_MATCH = YES;
				COPY_PHASE_STRIP = NO;
				DEBUG_INFORMATION_FORMAT = "dwarf-with-dsym";
				ENABLE_NS_ASSERTIONS = NO;
				ENABLE_STRICT_OBJC_MSGSEND = YES;
				ENABLE_USER_SCRIPT_SANDBOXING = YES;
				GCC_C_LANGUAGE_STANDARD = gnu17;
				GCC_NO_COMMON_BLOCKS = YES;
				GCC_WARN_64_TO_32_BIT_CONVERSION = YES;
				GCC_WARN_ABOUT_RETURN_TYPE = YES_ERROR;
				GCC_WARN_UNDECLARED_SELECTOR = YES;
				GCC_WARN_UNINITIALIZED_AUTOS = YES_AGGRESSIVE;
				GCC_WARN_UNUSED_FUNCTION = YES;
				GCC_WARN_UNUSED_VARIABLE = YES;
				IPHONEOS_DEPLOYMENT_TARGET = 17.2;
				LOCALIZATION_PREFERS_STRING_CATALOGS = YES;
				MTL_ENABLE_DEBUG_INFO = NO;
				MTL_FAST_MATH = YES;
				SDKROOT = iphoneos;
				SWIFT_COMPILATION_MODE = wholemodule;
				VALIDATE_PRODUCT = YES;
			};
			name = Release;
		};
		150DACD72B7E31C200D1567E /* Debug */ = {
			isa = XCBuildConfiguration;
			buildSettings = {
				ASSETCATALOG_COMPILER_APPICON_NAME = AppIcon;
				ASSETCATALOG_COMPILER_GLOBAL_ACCENT_COLOR_NAME = AccentColor;
				CODE_SIGN_STYLE = Automatic;
				CURRENT_PROJECT_VERSION = 1;
				DEVELOPMENT_TEAM = K92J5MFH85;
				GENERATE_INFOPLIST_FILE = YES;
				INFOPLIST_FILE = catchTheKennyGame/Info.plist;
				INFOPLIST_KEY_UIApplicationSupportsIndirectInputEvents = YES;
				INFOPLIST_KEY_UILaunchStoryboardName = LaunchScreen;
				INFOPLIST_KEY_UIMainStoryboardFile = Main;
				INFOPLIST_KEY_UISupportedInterfaceOrientations_iPad = "UIInterfaceOrientationPortrait UIInterfaceOrientationPortraitUpsideDown UIInterfaceOrientationLandscapeLeft UIInterfaceOrientationLandscapeRight";
				INFOPLIST_KEY_UISupportedInterfaceOrientations_iPhone = "UIInterfaceOrientationPortrait UIInterfaceOrientationLandscapeLeft UIInterfaceOrientationLandscapeRight";
				LD_RUNPATH_SEARCH_PATHS = (
					"$(inherited)",
					"@executable_path/Frameworks",
				);
				MARKETING_VERSION = 1.0;
				PRODUCT_BUNDLE_IDENTIFIER = com.omersezer.catchTheKennyGame;
				PRODUCT_NAME = "$(TARGET_NAME)";
				SWIFT_EMIT_LOC_STRINGS = YES;
				SWIFT_VERSION = 5.0;
				TARGETED_DEVICE_FAMILY = "1,2";
			};
			name = Debug;
		};
		150DACD82B7E31C200D1567E /* Release */ = {
			isa = XCBuildConfiguration;
			buildSettings = {
				ASSETCATALOG_COMPILER_APPICON_NAME = AppIcon;
				ASSETCATALOG_COMPILER_GLOBAL_ACCENT_COLOR_NAME = AccentColor;
				CODE_SIGN_STYLE = Automatic;
				CURRENT_PROJECT_VERSION = 1;
				DEVELOPMENT_TEAM = K92J5MFH85;
				GENERATE_INFOPLIST_FILE = YES;
				INFOPLIST_FILE = catchTheKennyGame/Info.plist;
				INFOPLIST_KEY_UIApplicationSupportsIndirectInputEvents = YES;
				INFOPLIST_KEY_UILaunchStoryboardName = LaunchScreen;
				INFOPLIST_KEY_UIMainStoryboardFile = Main;
				INFOPLIST_KEY_UISupportedInterfaceOrientations_iPad = "UIInterfaceOrientationPortrait UIInterfaceOrientationPortraitUpsideDown UIInterfaceOrientationLandscapeLeft UIInterfaceOrientationLandscapeRight";
				INFOPLIST_KEY_UISupportedInterfaceOrientations_iPhone = "UIInterfaceOrientationPortrait UIInterfaceOrientationLandscapeLeft UIInterfaceOrientationLandscapeRight";
				LD_RUNPATH_SEARCH_PATHS = (
					"$(inherited)",
					"@executable_path/Frameworks",
				);
				MARKETING_VERSION = 1.0;
				PRODUCT_BUNDLE_IDENTIFIER = com.omersezer.catchTheKennyGame;
				PRODUCT_NAME = "$(TARGET_NAME)";
				SWIFT_EMIT_LOC_STRINGS = YES;
				SWIFT_VERSION = 5.0;
				TARGETED_DEVICE_FAMILY = "1,2";
			};
			name = Release;
		};
		150DACDA2B7E31C200D1567E /* Debug */ = {
			isa = XCBuildConfiguration;
			buildSettings = {
				ALWAYS_EMBED_SWIFT_STANDARD_LIBRARIES = YES;
				BUNDLE_LOADER = "$(TEST_HOST)";
				CODE_SIGN_STYLE = Automatic;
				CURRENT_PROJECT_VERSION = 1;
				DEVELOPMENT_TEAM = K92J5MFH85;
				GENERATE_INFOPLIST_FILE = YES;
				IPHONEOS_DEPLOYMENT_TARGET = 17.2;
				MARKETING_VERSION = 1.0;
				PRODUCT_BUNDLE_IDENTIFIER = com.omersezer.catchTheKennyGameTests;
				PRODUCT_NAME = "$(TARGET_NAME)";
				SWIFT_EMIT_LOC_STRINGS = NO;
				SWIFT_VERSION = 5.0;
				TARGETED_DEVICE_FAMILY = "1,2";
				TEST_HOST = "$(BUILT_PRODUCTS_DIR)/catchTheKennyGame.app/$(BUNDLE_EXECUTABLE_FOLDER_PATH)/catchTheKennyGame";
			};
			name = Debug;
		};
		150DACDB2B7E31C200D1567E /* Release */ = {
			isa = XCBuildConfiguration;
			buildSettings = {
				ALWAYS_EMBED_SWIFT_STANDARD_LIBRARIES = YES;
				BUNDLE_LOADER = "$(TEST_HOST)";
				CODE_SIGN_STYLE = Automatic;
				CURRENT_PROJECT_VERSION = 1;
				DEVELOPMENT_TEAM = K92J5MFH85;
				GENERATE_INFOPLIST_FILE = YES;
				IPHONEOS_DEPLOYMENT_TARGET = 17.2;
				MARKETING_VERSION = 1.0;
				PRODUCT_BUNDLE_IDENTIFIER = com.omersezer.catchTheKennyGameTests;
				PRODUCT_NAME = "$(TARGET_NAME)";
				SWIFT_EMIT_LOC_STRINGS = NO;
				SWIFT_VERSION = 5.0;
				TARGETED_DEVICE_FAMILY = "1,2";
				TEST_HOST = "$(BUILT_PRODUCTS_DIR)/catchTheKennyGame.app/$(BUNDLE_EXECUTABLE_FOLDER_PATH)/catchTheKennyGame";
			};
			name = Release;
		};
		150DACDD2B7E31C200D1567E /* Debug */ = {
			isa = XCBuildConfiguration;
			buildSettings = {
				ALWAYS_EMBED_SWIFT_STANDARD_LIBRARIES = YES;
				CODE_SIGN_STYLE = Automatic;
				CURRENT_PROJECT_VERSION = 1;
				DEVELOPMENT_TEAM = K92J5MFH85;
				GENERATE_INFOPLIST_FILE = YES;
				MARKETING_VERSION = 1.0;
				PRODUCT_BUNDLE_IDENTIFIER = com.omersezer.catchTheKennyGameUITests;
				PRODUCT_NAME = "$(TARGET_NAME)";
				SWIFT_EMIT_LOC_STRINGS = NO;
				SWIFT_VERSION = 5.0;
				TARGETED_DEVICE_FAMILY = "1,2";
				TEST_TARGET_NAME = catchTheKennyGame;
			};
			name = Debug;
		};
		150DACDE2B7E31C200D1567E /* Release */ = {
			isa = XCBuildConfiguration;
			buildSettings = {
				ALWAYS_EMBED_SWIFT_STANDARD_LIBRARIES = YES;
				CODE_SIGN_STYLE = Automatic;
				CURRENT_PROJECT_VERSION = 1;
				DEVELOPMENT_TEAM = K92J5MFH85;
				GENERATE_INFOPLIST_FILE = YES;
				MARKETING_VERSION = 1.0;
				PRODUCT_BUNDLE_IDENTIFIER = com.omersezer.catchTheKennyGameUITests;
				PRODUCT_NAME = "$(TARGET_NAME)";
				SWIFT_EMIT_LOC_STRINGS = NO;
				SWIFT_VERSION = 5.0;
				TARGETED_DEVICE_FAMILY = "1,2";
				TEST_TARGET_NAME = catchTheKennyGame;
			};
			name = Release;
		};
/* End XCBuildConfiguration section */

/* Begin XCConfigurationList section */
		150DACA72B7E31BF00D1567E /* Build configuration list for PBXProject "catchTheKennyGame" */ = {
			isa = XCConfigurationList;
			buildConfigurations = (
				150DACD42B7E31C200D1567E /* Debug */,
				150DACD52B7E31C200D1567E /* Release */,
			);
			defaultConfigurationIsVisible = 0;
			defaultConfigurationName = Release;
		};
		150DACD62B7E31C200D1567E /* Build configuration list for PBXNativeTarget "catchTheKennyGame" */ = {
			isa = XCConfigurationList;
			buildConfigurations = (
				150DACD72B7E31C200D1567E /* Debug */,
				150DACD82B7E31C200D1567E /* Release */,
			);
			defaultConfigurationIsVisible = 0;
			defaultConfigurationName = Release;
		};
		150DACD92B7E31C200D1567E /* Build configuration list for PBXNativeTarget "catchTheKennyGameTests" */ = {
			isa = XCConfigurationList;
			buildConfigurations = (
				150DACDA2B7E31C200D1567E /* Debug */,
				150DACDB2B7E31C200D1567E /* Release */,
			);
			defaultConfigurationIsVisible = 0;
			defaultConfigurationName = Release;
		};
		150DACDC2B7E31C200D1567E /* Build configuration list for PBXNativeTarget "catchTheKennyGameUITests" */ = {
			isa = XCConfigurationList;
			buildConfigurations = (
				150DACDD2B7E31C200D1567E /* Debug */,
				150DACDE2B7E31C200D1567E /* Release */,
			);
			defaultConfigurationIsVisible = 0;
			defaultConfigurationName = Release;
		};
/* End XCConfigurationList section */
	};
	rootObject = 150DACA42B7E31BF00D1567E /* Project object */;
}
